
Microsoft Visual Studio Solution File, Format Version 12.00
# Visual Studio Version 16
VisualStudioVersion = 16.0.29926.136
MinimumVisualStudioVersion = 10.0.40219.1
Project("{9A19103F-16F7-4668-BE54-9A1E7A4F7556}") = "MapleStoryHelper.Standard.Item", "MapleStoryHelper.Standard.Item\MapleStoryHelper.Standard.Item.csproj", "{33BC35E0-B1C4-4A35-8A32-EE4439EE3E44}"
EndProject
Project("{9A19103F-16F7-4668-BE54-9A1E7A4F7556}") = "MapleStoryHelper.Standard", "MapleStoryHelper.Standard\MapleStoryHelper.Standard.csproj", "{CB0C667C-9461-46F3-AB27-73FDF15AEA57}"
EndProject
Project("{FAE04EC0-301F-11D3-BF4B-00C04F79EFBC}") = "MapleStoryCodeSearcher", "MapleStoryCodeSearcher\MapleStoryCodeSearcher.csproj", "{9C9E52ED-A88D-405B-B84E-17F63522D380}"
EndProject
Project("{9A19103F-16F7-4668-BE54-9A1E7A4F7556}") = "MapleStoryHelper.Standard.Character", "MapleStoryHelper.Standard.Character\MapleStoryHelper.Standard.Character.csproj", "{8746CB0E-6404-4595-AF83-270D25A0F163}"
	ProjectSection(ProjectDependencies) = postProject
		{33BC35E0-B1C4-4A35-8A32-EE4439EE3E44} = {33BC35E0-B1C4-4A35-8A32-EE4439EE3E44}
	EndProjectSection
EndProject
Project("{9A19103F-16F7-4668-BE54-9A1E7A4F7556}") = "MapleStoryHelper.Standard.Resources", "MapleStoryHelper.Standard.Resources\MapleStoryHelper.Standard.Resources.csproj", "{1647D18B-8ADA-4DAE-A66F-A3931CE0783E}"
EndProject
Project("{9A19103F-16F7-4668-BE54-9A1E7A4F7556}") = "MapleStoryHelper.Standard.Boss", "MapleStoryHelper.Standard.Boss\MapleStoryHelper.Standard.Boss.csproj", "{74CB7049-4E08-4E48-8D72-89B720CED519}"
EndProject
Project("{9A19103F-16F7-4668-BE54-9A1E7A4F7556}") = "WzComparerR2.PluginBase", "WzComparerR2.PluginBase\WzComparerR2.PluginBase.csproj", "{65D7715D-EFCB-499C-8216-335E764D55DC}"
EndProject
Project("{9A19103F-16F7-4668-BE54-9A1E7A4F7556}") = "WzComparerR2.WzLib", "WzComparerR2.WzLib\WzComparerR2.WzLib.csproj", "{8FDCCD22-5CA2-497C-89CA-8EBB1155426C}"
EndProject
Project("{FAE04EC0-301F-11D3-BF4B-00C04F79EFBC}") = "MapleStoryHelper.Framework.ControlLibrary", "MapleStoryHelper.Framework.ControlLibrary\MapleStoryHelper.Framework.ControlLibrary.csproj", "{B08CD2A0-5BF6-49CA-86AF-78B966786396}"
EndProject
Project("{FAE04EC0-301F-11D3-BF4B-00C04F79EFBC}") = "MapleStoryHelper.Framework.ResourceManager", "MapleStoryHelper.Framework.ResourceManager\MapleStoryHelper.Framework.ResourceManager.csproj", "{8BCC287A-12A6-4986-A3A2-C21D48ACF80D}"
EndProject
Project("{9A19103F-16F7-4668-BE54-9A1E7A4F7556}") = "WzComparerR2.Common", "WzComparerR2.Common\WzComparerR2.Common.csproj", "{C5191A75-EB54-4B02-8D04-966E8D33D8F0}"
EndProject
Project("{9A19103F-16F7-4668-BE54-9A1E7A4F7556}") = "MapleStoryHelper.Standard.Utils", "MapleStoryHelper.Standard.Utils\MapleStoryHelper.Standard.Utils.csproj", "{5FF8AA52-DBF5-4D81-8BE1-6C9BD307B1FE}"
EndProject
Project("{9A19103F-16F7-4668-BE54-9A1E7A4F7556}") = "MapleStoryHelper.Standard.MobLib", "MapleStoryHelper.Standard.Mob\MapleStoryHelper.Standard.MobLib.csproj", "{CFE4E575-4B9C-407A-A13E-0BA948743D17}"
EndProject
Project("{9A19103F-16F7-4668-BE54-9A1E7A4F7556}") = "MapleStoryHelper.Standard.SkillLib", "MapleStoryHelper.Standard.SkillLib\MapleStoryHelper.Standard.SkillLib.csproj", "{BB6CAF66-A746-4349-8A8E-7AE29B1360EF}"
EndProject
Project("{9A19103F-16F7-4668-BE54-9A1E7A4F7556}") = "MapleStoryHelper.Standard.MapLib", "MapleStoryHelper.Standard.MapLib\MapleStoryHelper.Standard.MapLib.csproj", "{9A28062E-8083-4E88-8693-43AC86815486}"
EndProject
Project("{9A19103F-16F7-4668-BE54-9A1E7A4F7556}") = "MapleStoryHelper.Standard.DamageLib", "MapleStoryHelper.Standard.DamageLib\MapleStoryHelper.Standard.DamageLib.csproj", "{68BF4BE8-BE61-400F-8159-CD9A82E7E110}"
EndProject
Project("{FAE04EC0-301F-11D3-BF4B-00C04F79EFBC}") = "MapleStoryApiServer", "MapleStoryApiServer\MapleStoryApiServer.csproj", "{05884565-D2CF-4C66-BF67-01F8C6D67B37}"
EndProject
Project("{9A19103F-16F7-4668-BE54-9A1E7A4F7556}") = "MapleStoryHelper.Standard.Server.Model", "MapleStoryHelper.Standard.Server.Model\MapleStoryHelper.Standard.Server.Model.csproj", "{A1904B81-DBF6-4770-8ABF-C01864D75CA2}"
EndProject
Project("{FAE04EC0-301F-11D3-BF4B-00C04F79EFBC}") = "MapleStoryX.Android", "MapleStoryX\MapleStoryX.Android\MapleStoryX.Android.csproj", "{8D275B2D-C66C-4E66-96A8-8CB77AA71D32}"
EndProject
Project("{FAE04EC0-301F-11D3-BF4B-00C04F79EFBC}") = "MapleStoryX.iOS", "MapleStoryX\MapleStoryX.iOS\MapleStoryX.iOS.csproj", "{5B4B6769-4812-4E9D-B359-B98BE59F7D7C}"
EndProject
Project("{9A19103F-16F7-4668-BE54-9A1E7A4F7556}") = "MapleStoryX", "MapleStoryX\MapleStoryX\MapleStoryX.csproj", "{F53D424D-C286-43D2-8B7A-57136D26A5C7}"
EndProject
Project("{FAE04EC0-301F-11D3-BF4B-00C04F79EFBC}") = "MapleStorySearchApp.Android", "MapleStorySearchApp\MapleStorySearchApp.Android\MapleStorySearchApp.Android.csproj", "{E044E495-BDB5-478D-8132-D7A30EB83776}"
EndProject
Project("{FAE04EC0-301F-11D3-BF4B-00C04F79EFBC}") = "MapleStorySearchApp.iOS", "MapleStorySearchApp\MapleStorySearchApp.iOS\MapleStorySearchApp.iOS.csproj", "{7F13C9A2-3B86-471F-8D2B-BBEA81100572}"
EndProject
Project("{FAE04EC0-301F-11D3-BF4B-00C04F79EFBC}") = "MapleStorySearchApp", "MapleStorySearchApp\MapleStorySearchApp\MapleStorySearchApp.csproj", "{40C095F1-0C73-4016-805E-826703B2347B}"
EndProject
Project("{FAE04EC0-301F-11D3-BF4B-00C04F79EFBC}") = "MapleStoryHelper.Standard.MNetwork", "MapleStoryHelper.Standard.Network\MapleStoryHelper.Standard.MNetwork.csproj", "{115A0701-D8DE-431E-8F4F-CF0A77C16A5C}"
EndProject
Global
	GlobalSection(SolutionConfigurationPlatforms) = preSolution
		Debug|Any CPU = Debug|Any CPU
		Debug|ARM = Debug|ARM
		Debug|ARM64 = Debug|ARM64
		Debug|iPhone = Debug|iPhone
		Debug|iPhoneSimulator = Debug|iPhoneSimulator
		Debug|x64 = Debug|x64
		Debug|x86 = Debug|x86
		Release|Any CPU = Release|Any CPU
		Release|ARM = Release|ARM
		Release|ARM64 = Release|ARM64
		Release|iPhone = Release|iPhone
		Release|iPhoneSimulator = Release|iPhoneSimulator
		Release|x64 = Release|x64
		Release|x86 = Release|x86
	EndGlobalSection
	GlobalSection(ProjectConfigurationPlatforms) = postSolution
		{33BC35E0-B1C4-4A35-8A32-EE4439EE3E44}.Debug|Any CPU.ActiveCfg = Debug|Any CPU
		{33BC35E0-B1C4-4A35-8A32-EE4439EE3E44}.Debug|Any CPU.Build.0 = Debug|Any CPU
		{33BC35E0-B1C4-4A35-8A32-EE4439EE3E44}.Debug|ARM.ActiveCfg = Debug|Any CPU
		{33BC35E0-B1C4-4A35-8A32-EE4439EE3E44}.Debug|ARM.Build.0 = Debug|Any CPU
		{33BC35E0-B1C4-4A35-8A32-EE4439EE3E44}.Debug|ARM64.ActiveCfg = Debug|Any CPU
		{33BC35E0-B1C4-4A35-8A32-EE4439EE3E44}.Debug|ARM64.Build.0 = Debug|Any CPU
		{33BC35E0-B1C4-4A35-8A32-EE4439EE3E44}.Debug|iPhone.ActiveCfg = Debug|Any CPU
		{33BC35E0-B1C4-4A35-8A32-EE4439EE3E44}.Debug|iPhone.Build.0 = Debug|Any CPU
		{33BC35E0-B1C4-4A35-8A32-EE4439EE3E44}.Debug|iPhoneSimulator.ActiveCfg = Debug|Any CPU
		{33BC35E0-B1C4-4A35-8A32-EE4439EE3E44}.Debug|iPhoneSimulator.Build.0 = Debug|Any CPU
		{33BC35E0-B1C4-4A35-8A32-EE4439EE3E44}.Debug|x64.ActiveCfg = Debug|Any CPU
		{33BC35E0-B1C4-4A35-8A32-EE4439EE3E44}.Debug|x64.Build.0 = Debug|Any CPU
		{33BC35E0-B1C4-4A35-8A32-EE4439EE3E44}.Debug|x86.ActiveCfg = Debug|Any CPU
		{33BC35E0-B1C4-4A35-8A32-EE4439EE3E44}.Debug|x86.Build.0 = Debug|Any CPU
		{33BC35E0-B1C4-4A35-8A32-EE4439EE3E44}.Release|Any CPU.ActiveCfg = Release|Any CPU
		{33BC35E0-B1C4-4A35-8A32-EE4439EE3E44}.Release|Any CPU.Build.0 = Release|Any CPU
		{33BC35E0-B1C4-4A35-8A32-EE4439EE3E44}.Release|ARM.ActiveCfg = Release|Any CPU
		{33BC35E0-B1C4-4A35-8A32-EE4439EE3E44}.Release|ARM.Build.0 = Release|Any CPU
		{33BC35E0-B1C4-4A35-8A32-EE4439EE3E44}.Release|ARM64.ActiveCfg = Release|Any CPU
		{33BC35E0-B1C4-4A35-8A32-EE4439EE3E44}.Release|ARM64.Build.0 = Release|Any CPU
		{33BC35E0-B1C4-4A35-8A32-EE4439EE3E44}.Release|iPhone.ActiveCfg = Release|Any CPU
		{33BC35E0-B1C4-4A35-8A32-EE4439EE3E44}.Release|iPhone.Build.0 = Release|Any CPU
		{33BC35E0-B1C4-4A35-8A32-EE4439EE3E44}.Release|iPhoneSimulator.ActiveCfg = Release|Any CPU
		{33BC35E0-B1C4-4A35-8A32-EE4439EE3E44}.Release|iPhoneSimulator.Build.0 = Release|Any CPU
		{33BC35E0-B1C4-4A35-8A32-EE4439EE3E44}.Release|x64.ActiveCfg = Release|Any CPU
		{33BC35E0-B1C4-4A35-8A32-EE4439EE3E44}.Release|x64.Build.0 = Release|Any CPU
		{33BC35E0-B1C4-4A35-8A32-EE4439EE3E44}.Release|x86.ActiveCfg = Release|Any CPU
		{33BC35E0-B1C4-4A35-8A32-EE4439EE3E44}.Release|x86.Build.0 = Release|Any CPU
		{CB0C667C-9461-46F3-AB27-73FDF15AEA57}.Debug|Any CPU.ActiveCfg = Debug|Any CPU
		{CB0C667C-9461-46F3-AB27-73FDF15AEA57}.Debug|Any CPU.Build.0 = Debug|Any CPU
		{CB0C667C-9461-46F3-AB27-73FDF15AEA57}.Debug|ARM.ActiveCfg = Debug|Any CPU
		{CB0C667C-9461-46F3-AB27-73FDF15AEA57}.Debug|ARM.Build.0 = Debug|Any CPU
		{CB0C667C-9461-46F3-AB27-73FDF15AEA57}.Debug|ARM64.ActiveCfg = Debug|Any CPU
		{CB0C667C-9461-46F3-AB27-73FDF15AEA57}.Debug|ARM64.Build.0 = Debug|Any CPU
		{CB0C667C-9461-46F3-AB27-73FDF15AEA57}.Debug|iPhone.ActiveCfg = Debug|Any CPU
		{CB0C667C-9461-46F3-AB27-73FDF15AEA57}.Debug|iPhone.Build.0 = Debug|Any CPU
		{CB0C667C-9461-46F3-AB27-73FDF15AEA57}.Debug|iPhoneSimulator.ActiveCfg = Debug|Any CPU
		{CB0C667C-9461-46F3-AB27-73FDF15AEA57}.Debug|iPhoneSimulator.Build.0 = Debug|Any CPU
		{CB0C667C-9461-46F3-AB27-73FDF15AEA57}.Debug|x64.ActiveCfg = Debug|Any CPU
		{CB0C667C-9461-46F3-AB27-73FDF15AEA57}.Debug|x64.Build.0 = Debug|Any CPU
		{CB0C667C-9461-46F3-AB27-73FDF15AEA57}.Debug|x86.ActiveCfg = Debug|Any CPU
		{CB0C667C-9461-46F3-AB27-73FDF15AEA57}.Debug|x86.Build.0 = Debug|Any CPU
		{CB0C667C-9461-46F3-AB27-73FDF15AEA57}.Release|Any CPU.ActiveCfg = Release|Any CPU
		{CB0C667C-9461-46F3-AB27-73FDF15AEA57}.Release|Any CPU.Build.0 = Release|Any CPU
		{CB0C667C-9461-46F3-AB27-73FDF15AEA57}.Release|ARM.ActiveCfg = Release|Any CPU
		{CB0C667C-9461-46F3-AB27-73FDF15AEA57}.Release|ARM.Build.0 = Release|Any CPU
		{CB0C667C-9461-46F3-AB27-73FDF15AEA57}.Release|ARM64.ActiveCfg = Release|Any CPU
		{CB0C667C-9461-46F3-AB27-73FDF15AEA57}.Release|ARM64.Build.0 = Release|Any CPU
		{CB0C667C-9461-46F3-AB27-73FDF15AEA57}.Release|iPhone.ActiveCfg = Release|Any CPU
		{CB0C667C-9461-46F3-AB27-73FDF15AEA57}.Release|iPhone.Build.0 = Release|Any CPU
		{CB0C667C-9461-46F3-AB27-73FDF15AEA57}.Release|iPhoneSimulator.ActiveCfg = Release|Any CPU
		{CB0C667C-9461-46F3-AB27-73FDF15AEA57}.Release|iPhoneSimulator.Build.0 = Release|Any CPU
		{CB0C667C-9461-46F3-AB27-73FDF15AEA57}.Release|x64.ActiveCfg = Release|Any CPU
		{CB0C667C-9461-46F3-AB27-73FDF15AEA57}.Release|x64.Build.0 = Release|Any CPU
		{CB0C667C-9461-46F3-AB27-73FDF15AEA57}.Release|x86.ActiveCfg = Release|Any CPU
		{CB0C667C-9461-46F3-AB27-73FDF15AEA57}.Release|x86.Build.0 = Release|Any CPU
		{9C9E52ED-A88D-405B-B84E-17F63522D380}.Debug|Any CPU.ActiveCfg = Debug|Any CPU
		{9C9E52ED-A88D-405B-B84E-17F63522D380}.Debug|Any CPU.Build.0 = Debug|Any CPU
		{9C9E52ED-A88D-405B-B84E-17F63522D380}.Debug|ARM.ActiveCfg = Debug|Any CPU
		{9C9E52ED-A88D-405B-B84E-17F63522D380}.Debug|ARM.Build.0 = Debug|Any CPU
		{9C9E52ED-A88D-405B-B84E-17F63522D380}.Debug|ARM64.ActiveCfg = Debug|Any CPU
		{9C9E52ED-A88D-405B-B84E-17F63522D380}.Debug|ARM64.Build.0 = Debug|Any CPU
		{9C9E52ED-A88D-405B-B84E-17F63522D380}.Debug|iPhone.ActiveCfg = Debug|Any CPU
		{9C9E52ED-A88D-405B-B84E-17F63522D380}.Debug|iPhone.Build.0 = Debug|Any CPU
		{9C9E52ED-A88D-405B-B84E-17F63522D380}.Debug|iPhoneSimulator.ActiveCfg = Debug|Any CPU
		{9C9E52ED-A88D-405B-B84E-17F63522D380}.Debug|iPhoneSimulator.Build.0 = Debug|Any CPU
		{9C9E52ED-A88D-405B-B84E-17F63522D380}.Debug|x64.ActiveCfg = Debug|Any CPU
		{9C9E52ED-A88D-405B-B84E-17F63522D380}.Debug|x64.Build.0 = Debug|Any CPU
		{9C9E52ED-A88D-405B-B84E-17F63522D380}.Debug|x86.ActiveCfg = Debug|Any CPU
		{9C9E52ED-A88D-405B-B84E-17F63522D380}.Debug|x86.Build.0 = Debug|Any CPU
		{9C9E52ED-A88D-405B-B84E-17F63522D380}.Release|Any CPU.ActiveCfg = Release|Any CPU
		{9C9E52ED-A88D-405B-B84E-17F63522D380}.Release|Any CPU.Build.0 = Release|Any CPU
		{9C9E52ED-A88D-405B-B84E-17F63522D380}.Release|ARM.ActiveCfg = Release|Any CPU
		{9C9E52ED-A88D-405B-B84E-17F63522D380}.Release|ARM.Build.0 = Release|Any CPU
		{9C9E52ED-A88D-405B-B84E-17F63522D380}.Release|ARM64.ActiveCfg = Release|Any CPU
		{9C9E52ED-A88D-405B-B84E-17F63522D380}.Release|ARM64.Build.0 = Release|Any CPU
		{9C9E52ED-A88D-405B-B84E-17F63522D380}.Release|iPhone.ActiveCfg = Release|Any CPU
		{9C9E52ED-A88D-405B-B84E-17F63522D380}.Release|iPhone.Build.0 = Release|Any CPU
		{9C9E52ED-A88D-405B-B84E-17F63522D380}.Release|iPhoneSimulator.ActiveCfg = Release|Any CPU
		{9C9E52ED-A88D-405B-B84E-17F63522D380}.Release|iPhoneSimulator.Build.0 = Release|Any CPU
		{9C9E52ED-A88D-405B-B84E-17F63522D380}.Release|x64.ActiveCfg = Release|Any CPU
		{9C9E52ED-A88D-405B-B84E-17F63522D380}.Release|x64.Build.0 = Release|Any CPU
		{9C9E52ED-A88D-405B-B84E-17F63522D380}.Release|x86.ActiveCfg = Release|Any CPU
		{9C9E52ED-A88D-405B-B84E-17F63522D380}.Release|x86.Build.0 = Release|Any CPU
		{8746CB0E-6404-4595-AF83-270D25A0F163}.Debug|Any CPU.ActiveCfg = Debug|Any CPU
		{8746CB0E-6404-4595-AF83-270D25A0F163}.Debug|Any CPU.Build.0 = Debug|Any CPU
		{8746CB0E-6404-4595-AF83-270D25A0F163}.Debug|ARM.ActiveCfg = Debug|Any CPU
		{8746CB0E-6404-4595-AF83-270D25A0F163}.Debug|ARM.Build.0 = Debug|Any CPU
		{8746CB0E-6404-4595-AF83-270D25A0F163}.Debug|ARM64.ActiveCfg = Debug|Any CPU
		{8746CB0E-6404-4595-AF83-270D25A0F163}.Debug|ARM64.Build.0 = Debug|Any CPU
		{8746CB0E-6404-4595-AF83-270D25A0F163}.Debug|iPhone.ActiveCfg = Debug|Any CPU
		{8746CB0E-6404-4595-AF83-270D25A0F163}.Debug|iPhone.Build.0 = Debug|Any CPU
		{8746CB0E-6404-4595-AF83-270D25A0F163}.Debug|iPhoneSimulator.ActiveCfg = Debug|Any CPU
		{8746CB0E-6404-4595-AF83-270D25A0F163}.Debug|iPhoneSimulator.Build.0 = Debug|Any CPU
		{8746CB0E-6404-4595-AF83-270D25A0F163}.Debug|x64.ActiveCfg = Debug|Any CPU
		{8746CB0E-6404-4595-AF83-270D25A0F163}.Debug|x64.Build.0 = Debug|Any CPU
		{8746CB0E-6404-4595-AF83-270D25A0F163}.Debug|x86.ActiveCfg = Debug|Any CPU
		{8746CB0E-6404-4595-AF83-270D25A0F163}.Debug|x86.Build.0 = Debug|Any CPU
		{8746CB0E-6404-4595-AF83-270D25A0F163}.Release|Any CPU.ActiveCfg = Release|Any CPU
		{8746CB0E-6404-4595-AF83-270D25A0F163}.Release|Any CPU.Build.0 = Release|Any CPU
		{8746CB0E-6404-4595-AF83-270D25A0F163}.Release|ARM.ActiveCfg = Release|Any CPU
		{8746CB0E-6404-4595-AF83-270D25A0F163}.Release|ARM.Build.0 = Release|Any CPU
		{8746CB0E-6404-4595-AF83-270D25A0F163}.Release|ARM64.ActiveCfg = Release|Any CPU
		{8746CB0E-6404-4595-AF83-270D25A0F163}.Release|ARM64.Build.0 = Release|Any CPU
		{8746CB0E-6404-4595-AF83-270D25A0F163}.Release|iPhone.ActiveCfg = Release|Any CPU
		{8746CB0E-6404-4595-AF83-270D25A0F163}.Release|iPhone.Build.0 = Release|Any CPU
		{8746CB0E-6404-4595-AF83-270D25A0F163}.Release|iPhoneSimulator.ActiveCfg = Release|Any CPU
		{8746CB0E-6404-4595-AF83-270D25A0F163}.Release|iPhoneSimulator.Build.0 = Release|Any CPU
		{8746CB0E-6404-4595-AF83-270D25A0F163}.Release|x64.ActiveCfg = Release|Any CPU
		{8746CB0E-6404-4595-AF83-270D25A0F163}.Release|x64.Build.0 = Release|Any CPU
		{8746CB0E-6404-4595-AF83-270D25A0F163}.Release|x86.ActiveCfg = Release|Any CPU
		{8746CB0E-6404-4595-AF83-270D25A0F163}.Release|x86.Build.0 = Release|Any CPU
		{1647D18B-8ADA-4DAE-A66F-A3931CE0783E}.Debug|Any CPU.ActiveCfg = Debug|Any CPU
		{1647D18B-8ADA-4DAE-A66F-A3931CE0783E}.Debug|Any CPU.Build.0 = Debug|Any CPU
		{1647D18B-8ADA-4DAE-A66F-A3931CE0783E}.Debug|ARM.ActiveCfg = Debug|Any CPU
		{1647D18B-8ADA-4DAE-A66F-A3931CE0783E}.Debug|ARM.Build.0 = Debug|Any CPU
		{1647D18B-8ADA-4DAE-A66F-A3931CE0783E}.Debug|ARM64.ActiveCfg = Debug|Any CPU
		{1647D18B-8ADA-4DAE-A66F-A3931CE0783E}.Debug|ARM64.Build.0 = Debug|Any CPU
		{1647D18B-8ADA-4DAE-A66F-A3931CE0783E}.Debug|iPhone.ActiveCfg = Debug|Any CPU
		{1647D18B-8ADA-4DAE-A66F-A3931CE0783E}.Debug|iPhone.Build.0 = Debug|Any CPU
		{1647D18B-8ADA-4DAE-A66F-A3931CE0783E}.Debug|iPhoneSimulator.ActiveCfg = Debug|Any CPU
		{1647D18B-8ADA-4DAE-A66F-A3931CE0783E}.Debug|iPhoneSimulator.Build.0 = Debug|Any CPU
		{1647D18B-8ADA-4DAE-A66F-A3931CE0783E}.Debug|x64.ActiveCfg = Debug|Any CPU
		{1647D18B-8ADA-4DAE-A66F-A3931CE0783E}.Debug|x64.Build.0 = Debug|Any CPU
		{1647D18B-8ADA-4DAE-A66F-A3931CE0783E}.Debug|x86.ActiveCfg = Debug|Any CPU
		{1647D18B-8ADA-4DAE-A66F-A3931CE0783E}.Debug|x86.Build.0 = Debug|Any CPU
		{1647D18B-8ADA-4DAE-A66F-A3931CE0783E}.Release|Any CPU.ActiveCfg = Release|Any CPU
		{1647D18B-8ADA-4DAE-A66F-A3931CE0783E}.Release|Any CPU.Build.0 = Release|Any CPU
		{1647D18B-8ADA-4DAE-A66F-A3931CE0783E}.Release|ARM.ActiveCfg = Release|Any CPU
		{1647D18B-8ADA-4DAE-A66F-A3931CE0783E}.Release|ARM.Build.0 = Release|Any CPU
		{1647D18B-8ADA-4DAE-A66F-A3931CE0783E}.Release|ARM64.ActiveCfg = Release|Any CPU
		{1647D18B-8ADA-4DAE-A66F-A3931CE0783E}.Release|ARM64.Build.0 = Release|Any CPU
		{1647D18B-8ADA-4DAE-A66F-A3931CE0783E}.Release|iPhone.ActiveCfg = Release|Any CPU
		{1647D18B-8ADA-4DAE-A66F-A3931CE0783E}.Release|iPhone.Build.0 = Release|Any CPU
		{1647D18B-8ADA-4DAE-A66F-A3931CE0783E}.Release|iPhoneSimulator.ActiveCfg = Release|Any CPU
		{1647D18B-8ADA-4DAE-A66F-A3931CE0783E}.Release|iPhoneSimulator.Build.0 = Release|Any CPU
		{1647D18B-8ADA-4DAE-A66F-A3931CE0783E}.Release|x64.ActiveCfg = Release|Any CPU
		{1647D18B-8ADA-4DAE-A66F-A3931CE0783E}.Release|x64.Build.0 = Release|Any CPU
		{1647D18B-8ADA-4DAE-A66F-A3931CE0783E}.Release|x86.ActiveCfg = Release|Any CPU
		{1647D18B-8ADA-4DAE-A66F-A3931CE0783E}.Release|x86.Build.0 = Release|Any CPU
		{74CB7049-4E08-4E48-8D72-89B720CED519}.Debug|Any CPU.ActiveCfg = Debug|Any CPU
		{74CB7049-4E08-4E48-8D72-89B720CED519}.Debug|Any CPU.Build.0 = Debug|Any CPU
		{74CB7049-4E08-4E48-8D72-89B720CED519}.Debug|ARM.ActiveCfg = Debug|Any CPU
		{74CB7049-4E08-4E48-8D72-89B720CED519}.Debug|ARM.Build.0 = Debug|Any CPU
		{74CB7049-4E08-4E48-8D72-89B720CED519}.Debug|ARM64.ActiveCfg = Debug|Any CPU
		{74CB7049-4E08-4E48-8D72-89B720CED519}.Debug|ARM64.Build.0 = Debug|Any CPU
		{74CB7049-4E08-4E48-8D72-89B720CED519}.Debug|iPhone.ActiveCfg = Debug|Any CPU
		{74CB7049-4E08-4E48-8D72-89B720CED519}.Debug|iPhone.Build.0 = Debug|Any CPU
		{74CB7049-4E08-4E48-8D72-89B720CED519}.Debug|iPhoneSimulator.ActiveCfg = Debug|Any CPU
		{74CB7049-4E08-4E48-8D72-89B720CED519}.Debug|iPhoneSimulator.Build.0 = Debug|Any CPU
		{74CB7049-4E08-4E48-8D72-89B720CED519}.Debug|x64.ActiveCfg = Debug|Any CPU
		{74CB7049-4E08-4E48-8D72-89B720CED519}.Debug|x64.Build.0 = Debug|Any CPU
		{74CB7049-4E08-4E48-8D72-89B720CED519}.Debug|x86.ActiveCfg = Debug|Any CPU
		{74CB7049-4E08-4E48-8D72-89B720CED519}.Debug|x86.Build.0 = Debug|Any CPU
		{74CB7049-4E08-4E48-8D72-89B720CED519}.Release|Any CPU.ActiveCfg = Release|Any CPU
		{74CB7049-4E08-4E48-8D72-89B720CED519}.Release|Any CPU.Build.0 = Release|Any CPU
		{74CB7049-4E08-4E48-8D72-89B720CED519}.Release|ARM.ActiveCfg = Release|Any CPU
		{74CB7049-4E08-4E48-8D72-89B720CED519}.Release|ARM.Build.0 = Release|Any CPU
		{74CB7049-4E08-4E48-8D72-89B720CED519}.Release|ARM64.ActiveCfg = Release|Any CPU
		{74CB7049-4E08-4E48-8D72-89B720CED519}.Release|ARM64.Build.0 = Release|Any CPU
		{74CB7049-4E08-4E48-8D72-89B720CED519}.Release|iPhone.ActiveCfg = Release|Any CPU
		{74CB7049-4E08-4E48-8D72-89B720CED519}.Release|iPhone.Build.0 = Release|Any CPU
		{74CB7049-4E08-4E48-8D72-89B720CED519}.Release|iPhoneSimulator.ActiveCfg = Release|Any CPU
		{74CB7049-4E08-4E48-8D72-89B720CED519}.Release|iPhoneSimulator.Build.0 = Release|Any CPU
		{74CB7049-4E08-4E48-8D72-89B720CED519}.Release|x64.ActiveCfg = Release|Any CPU
		{74CB7049-4E08-4E48-8D72-89B720CED519}.Release|x64.Build.0 = Release|Any CPU
		{74CB7049-4E08-4E48-8D72-89B720CED519}.Release|x86.ActiveCfg = Release|Any CPU
		{74CB7049-4E08-4E48-8D72-89B720CED519}.Release|x86.Build.0 = Release|Any CPU
		{65D7715D-EFCB-499C-8216-335E764D55DC}.Debug|Any CPU.ActiveCfg = Debug|Any CPU
		{65D7715D-EFCB-499C-8216-335E764D55DC}.Debug|Any CPU.Build.0 = Debug|Any CPU
		{65D7715D-EFCB-499C-8216-335E764D55DC}.Debug|ARM.ActiveCfg = Debug|Any CPU
		{65D7715D-EFCB-499C-8216-335E764D55DC}.Debug|ARM.Build.0 = Debug|Any CPU
		{65D7715D-EFCB-499C-8216-335E764D55DC}.Debug|ARM64.ActiveCfg = Debug|Any CPU
		{65D7715D-EFCB-499C-8216-335E764D55DC}.Debug|ARM64.Build.0 = Debug|Any CPU
		{65D7715D-EFCB-499C-8216-335E764D55DC}.Debug|iPhone.ActiveCfg = Debug|Any CPU
		{65D7715D-EFCB-499C-8216-335E764D55DC}.Debug|iPhone.Build.0 = Debug|Any CPU
		{65D7715D-EFCB-499C-8216-335E764D55DC}.Debug|iPhoneSimulator.ActiveCfg = Debug|Any CPU
		{65D7715D-EFCB-499C-8216-335E764D55DC}.Debug|iPhoneSimulator.Build.0 = Debug|Any CPU
		{65D7715D-EFCB-499C-8216-335E764D55DC}.Debug|x64.ActiveCfg = Debug|Any CPU
		{65D7715D-EFCB-499C-8216-335E764D55DC}.Debug|x64.Build.0 = Debug|Any CPU
		{65D7715D-EFCB-499C-8216-335E764D55DC}.Debug|x86.ActiveCfg = Debug|Any CPU
		{65D7715D-EFCB-499C-8216-335E764D55DC}.Debug|x86.Build.0 = Debug|Any CPU
		{65D7715D-EFCB-499C-8216-335E764D55DC}.Release|Any CPU.ActiveCfg = Release|Any CPU
		{65D7715D-EFCB-499C-8216-335E764D55DC}.Release|Any CPU.Build.0 = Release|Any CPU
		{65D7715D-EFCB-499C-8216-335E764D55DC}.Release|ARM.ActiveCfg = Release|Any CPU
		{65D7715D-EFCB-499C-8216-335E764D55DC}.Release|ARM.Build.0 = Release|Any CPU
		{65D7715D-EFCB-499C-8216-335E764D55DC}.Release|ARM64.ActiveCfg = Release|Any CPU
		{65D7715D-EFCB-499C-8216-335E764D55DC}.Release|ARM64.Build.0 = Release|Any CPU
		{65D7715D-EFCB-499C-8216-335E764D55DC}.Release|iPhone.ActiveCfg = Release|Any CPU
		{65D7715D-EFCB-499C-8216-335E764D55DC}.Release|iPhone.Build.0 = Release|Any CPU
		{65D7715D-EFCB-499C-8216-335E764D55DC}.Release|iPhoneSimulator.ActiveCfg = Release|Any CPU
		{65D7715D-EFCB-499C-8216-335E764D55DC}.Release|iPhoneSimulator.Build.0 = Release|Any CPU
		{65D7715D-EFCB-499C-8216-335E764D55DC}.Release|x64.ActiveCfg = Release|Any CPU
		{65D7715D-EFCB-499C-8216-335E764D55DC}.Release|x64.Build.0 = Release|Any CPU
		{65D7715D-EFCB-499C-8216-335E764D55DC}.Release|x86.ActiveCfg = Release|Any CPU
		{65D7715D-EFCB-499C-8216-335E764D55DC}.Release|x86.Build.0 = Release|Any CPU
		{8FDCCD22-5CA2-497C-89CA-8EBB1155426C}.Debug|Any CPU.ActiveCfg = Debug|Any CPU
		{8FDCCD22-5CA2-497C-89CA-8EBB1155426C}.Debug|Any CPU.Build.0 = Debug|Any CPU
		{8FDCCD22-5CA2-497C-89CA-8EBB1155426C}.Debug|ARM.ActiveCfg = Debug|Any CPU
		{8FDCCD22-5CA2-497C-89CA-8EBB1155426C}.Debug|ARM.Build.0 = Debug|Any CPU
		{8FDCCD22-5CA2-497C-89CA-8EBB1155426C}.Debug|ARM64.ActiveCfg = Debug|Any CPU
		{8FDCCD22-5CA2-497C-89CA-8EBB1155426C}.Debug|ARM64.Build.0 = Debug|Any CPU
		{8FDCCD22-5CA2-497C-89CA-8EBB1155426C}.Debug|iPhone.ActiveCfg = Debug|Any CPU
		{8FDCCD22-5CA2-497C-89CA-8EBB1155426C}.Debug|iPhone.Build.0 = Debug|Any CPU
		{8FDCCD22-5CA2-497C-89CA-8EBB1155426C}.Debug|iPhoneSimulator.ActiveCfg = Debug|Any CPU
		{8FDCCD22-5CA2-497C-89CA-8EBB1155426C}.Debug|iPhoneSimulator.Build.0 = Debug|Any CPU
		{8FDCCD22-5CA2-497C-89CA-8EBB1155426C}.Debug|x64.ActiveCfg = Debug|Any CPU
		{8FDCCD22-5CA2-497C-89CA-8EBB1155426C}.Debug|x64.Build.0 = Debug|Any CPU
		{8FDCCD22-5CA2-497C-89CA-8EBB1155426C}.Debug|x86.ActiveCfg = Debug|Any CPU
		{8FDCCD22-5CA2-497C-89CA-8EBB1155426C}.Debug|x86.Build.0 = Debug|Any CPU
		{8FDCCD22-5CA2-497C-89CA-8EBB1155426C}.Release|Any CPU.ActiveCfg = Release|Any CPU
		{8FDCCD22-5CA2-497C-89CA-8EBB1155426C}.Release|Any CPU.Build.0 = Release|Any CPU
		{8FDCCD22-5CA2-497C-89CA-8EBB1155426C}.Release|ARM.ActiveCfg = Release|Any CPU
		{8FDCCD22-5CA2-497C-89CA-8EBB1155426C}.Release|ARM.Build.0 = Release|Any CPU
		{8FDCCD22-5CA2-497C-89CA-8EBB1155426C}.Release|ARM64.ActiveCfg = Release|Any CPU
		{8FDCCD22-5CA2-497C-89CA-8EBB1155426C}.Release|ARM64.Build.0 = Release|Any CPU
		{8FDCCD22-5CA2-497C-89CA-8EBB1155426C}.Release|iPhone.ActiveCfg = Release|Any CPU
		{8FDCCD22-5CA2-497C-89CA-8EBB1155426C}.Release|iPhone.Build.0 = Release|Any CPU
		{8FDCCD22-5CA2-497C-89CA-8EBB1155426C}.Release|iPhoneSimulator.ActiveCfg = Release|Any CPU
		{8FDCCD22-5CA2-497C-89CA-8EBB1155426C}.Release|iPhoneSimulator.Build.0 = Release|Any CPU
		{8FDCCD22-5CA2-497C-89CA-8EBB1155426C}.Release|x64.ActiveCfg = Release|Any CPU
		{8FDCCD22-5CA2-497C-89CA-8EBB1155426C}.Release|x64.Build.0 = Release|Any CPU
		{8FDCCD22-5CA2-497C-89CA-8EBB1155426C}.Release|x86.ActiveCfg = Release|Any CPU
		{8FDCCD22-5CA2-497C-89CA-8EBB1155426C}.Release|x86.Build.0 = Release|Any CPU
		{B08CD2A0-5BF6-49CA-86AF-78B966786396}.Debug|Any CPU.ActiveCfg = Debug|Any CPU
		{B08CD2A0-5BF6-49CA-86AF-78B966786396}.Debug|Any CPU.Build.0 = Debug|Any CPU
		{B08CD2A0-5BF6-49CA-86AF-78B966786396}.Debug|ARM.ActiveCfg = Debug|Any CPU
		{B08CD2A0-5BF6-49CA-86AF-78B966786396}.Debug|ARM.Build.0 = Debug|Any CPU
		{B08CD2A0-5BF6-49CA-86AF-78B966786396}.Debug|ARM64.ActiveCfg = Debug|Any CPU
		{B08CD2A0-5BF6-49CA-86AF-78B966786396}.Debug|ARM64.Build.0 = Debug|Any CPU
		{B08CD2A0-5BF6-49CA-86AF-78B966786396}.Debug|iPhone.ActiveCfg = Debug|Any CPU
		{B08CD2A0-5BF6-49CA-86AF-78B966786396}.Debug|iPhone.Build.0 = Debug|Any CPU
		{B08CD2A0-5BF6-49CA-86AF-78B966786396}.Debug|iPhoneSimulator.ActiveCfg = Debug|Any CPU
		{B08CD2A0-5BF6-49CA-86AF-78B966786396}.Debug|iPhoneSimulator.Build.0 = Debug|Any CPU
		{B08CD2A0-5BF6-49CA-86AF-78B966786396}.Debug|x64.ActiveCfg = Debug|Any CPU
		{B08CD2A0-5BF6-49CA-86AF-78B966786396}.Debug|x64.Build.0 = Debug|Any CPU
		{B08CD2A0-5BF6-49CA-86AF-78B966786396}.Debug|x86.ActiveCfg = Debug|Any CPU
		{B08CD2A0-5BF6-49CA-86AF-78B966786396}.Debug|x86.Build.0 = Debug|Any CPU
		{B08CD2A0-5BF6-49CA-86AF-78B966786396}.Release|Any CPU.ActiveCfg = Release|Any CPU
		{B08CD2A0-5BF6-49CA-86AF-78B966786396}.Release|Any CPU.Build.0 = Release|Any CPU
		{B08CD2A0-5BF6-49CA-86AF-78B966786396}.Release|ARM.ActiveCfg = Release|Any CPU
		{B08CD2A0-5BF6-49CA-86AF-78B966786396}.Release|ARM.Build.0 = Release|Any CPU
		{B08CD2A0-5BF6-49CA-86AF-78B966786396}.Release|ARM64.ActiveCfg = Release|Any CPU
		{B08CD2A0-5BF6-49CA-86AF-78B966786396}.Release|ARM64.Build.0 = Release|Any CPU
		{B08CD2A0-5BF6-49CA-86AF-78B966786396}.Release|iPhone.ActiveCfg = Release|Any CPU
		{B08CD2A0-5BF6-49CA-86AF-78B966786396}.Release|iPhone.Build.0 = Release|Any CPU
		{B08CD2A0-5BF6-49CA-86AF-78B966786396}.Release|iPhoneSimulator.ActiveCfg = Release|Any CPU
		{B08CD2A0-5BF6-49CA-86AF-78B966786396}.Release|iPhoneSimulator.Build.0 = Release|Any CPU
		{B08CD2A0-5BF6-49CA-86AF-78B966786396}.Release|x64.ActiveCfg = Release|Any CPU
		{B08CD2A0-5BF6-49CA-86AF-78B966786396}.Release|x64.Build.0 = Release|Any CPU
		{B08CD2A0-5BF6-49CA-86AF-78B966786396}.Release|x86.ActiveCfg = Release|Any CPU
		{B08CD2A0-5BF6-49CA-86AF-78B966786396}.Release|x86.Build.0 = Release|Any CPU
		{8BCC287A-12A6-4986-A3A2-C21D48ACF80D}.Debug|Any CPU.ActiveCfg = Debug|Any CPU
		{8BCC287A-12A6-4986-A3A2-C21D48ACF80D}.Debug|Any CPU.Build.0 = Debug|Any CPU
		{8BCC287A-12A6-4986-A3A2-C21D48ACF80D}.Debug|ARM.ActiveCfg = Debug|Any CPU
		{8BCC287A-12A6-4986-A3A2-C21D48ACF80D}.Debug|ARM.Build.0 = Debug|Any CPU
		{8BCC287A-12A6-4986-A3A2-C21D48ACF80D}.Debug|ARM64.ActiveCfg = Debug|Any CPU
		{8BCC287A-12A6-4986-A3A2-C21D48ACF80D}.Debug|ARM64.Build.0 = Debug|Any CPU
		{8BCC287A-12A6-4986-A3A2-C21D48ACF80D}.Debug|iPhone.ActiveCfg = Debug|Any CPU
		{8BCC287A-12A6-4986-A3A2-C21D48ACF80D}.Debug|iPhone.Build.0 = Debug|Any CPU
		{8BCC287A-12A6-4986-A3A2-C21D48ACF80D}.Debug|iPhoneSimulator.ActiveCfg = Debug|Any CPU
		{8BCC287A-12A6-4986-A3A2-C21D48ACF80D}.Debug|iPhoneSimulator.Build.0 = Debug|Any CPU
		{8BCC287A-12A6-4986-A3A2-C21D48ACF80D}.Debug|x64.ActiveCfg = Debug|Any CPU
		{8BCC287A-12A6-4986-A3A2-C21D48ACF80D}.Debug|x64.Build.0 = Debug|Any CPU
		{8BCC287A-12A6-4986-A3A2-C21D48ACF80D}.Debug|x86.ActiveCfg = Debug|Any CPU
		{8BCC287A-12A6-4986-A3A2-C21D48ACF80D}.Debug|x86.Build.0 = Debug|Any CPU
		{8BCC287A-12A6-4986-A3A2-C21D48ACF80D}.Release|Any CPU.ActiveCfg = Release|Any CPU
		{8BCC287A-12A6-4986-A3A2-C21D48ACF80D}.Release|Any CPU.Build.0 = Release|Any CPU
		{8BCC287A-12A6-4986-A3A2-C21D48ACF80D}.Release|ARM.ActiveCfg = Release|Any CPU
		{8BCC287A-12A6-4986-A3A2-C21D48ACF80D}.Release|ARM.Build.0 = Release|Any CPU
		{8BCC287A-12A6-4986-A3A2-C21D48ACF80D}.Release|ARM64.ActiveCfg = Release|Any CPU
		{8BCC287A-12A6-4986-A3A2-C21D48ACF80D}.Release|ARM64.Build.0 = Release|Any CPU
		{8BCC287A-12A6-4986-A3A2-C21D48ACF80D}.Release|iPhone.ActiveCfg = Release|Any CPU
		{8BCC287A-12A6-4986-A3A2-C21D48ACF80D}.Release|iPhone.Build.0 = Release|Any CPU
		{8BCC287A-12A6-4986-A3A2-C21D48ACF80D}.Release|iPhoneSimulator.ActiveCfg = Release|Any CPU
		{8BCC287A-12A6-4986-A3A2-C21D48ACF80D}.Release|iPhoneSimulator.Build.0 = Release|Any CPU
		{8BCC287A-12A6-4986-A3A2-C21D48ACF80D}.Release|x64.ActiveCfg = Release|Any CPU
		{8BCC287A-12A6-4986-A3A2-C21D48ACF80D}.Release|x64.Build.0 = Release|Any CPU
		{8BCC287A-12A6-4986-A3A2-C21D48ACF80D}.Release|x86.ActiveCfg = Release|Any CPU
		{8BCC287A-12A6-4986-A3A2-C21D48ACF80D}.Release|x86.Build.0 = Release|Any CPU
		{C5191A75-EB54-4B02-8D04-966E8D33D8F0}.Debug|Any CPU.ActiveCfg = Debug|Any CPU
		{C5191A75-EB54-4B02-8D04-966E8D33D8F0}.Debug|Any CPU.Build.0 = Debug|Any CPU
		{C5191A75-EB54-4B02-8D04-966E8D33D8F0}.Debug|ARM.ActiveCfg = Debug|Any CPU
		{C5191A75-EB54-4B02-8D04-966E8D33D8F0}.Debug|ARM.Build.0 = Debug|Any CPU
		{C5191A75-EB54-4B02-8D04-966E8D33D8F0}.Debug|ARM64.ActiveCfg = Debug|Any CPU
		{C5191A75-EB54-4B02-8D04-966E8D33D8F0}.Debug|ARM64.Build.0 = Debug|Any CPU
		{C5191A75-EB54-4B02-8D04-966E8D33D8F0}.Debug|iPhone.ActiveCfg = Debug|Any CPU
		{C5191A75-EB54-4B02-8D04-966E8D33D8F0}.Debug|iPhone.Build.0 = Debug|Any CPU
		{C5191A75-EB54-4B02-8D04-966E8D33D8F0}.Debug|iPhoneSimulator.ActiveCfg = Debug|Any CPU
		{C5191A75-EB54-4B02-8D04-966E8D33D8F0}.Debug|iPhoneSimulator.Build.0 = Debug|Any CPU
		{C5191A75-EB54-4B02-8D04-966E8D33D8F0}.Debug|x64.ActiveCfg = Debug|Any CPU
		{C5191A75-EB54-4B02-8D04-966E8D33D8F0}.Debug|x64.Build.0 = Debug|Any CPU
		{C5191A75-EB54-4B02-8D04-966E8D33D8F0}.Debug|x86.ActiveCfg = Debug|Any CPU
		{C5191A75-EB54-4B02-8D04-966E8D33D8F0}.Debug|x86.Build.0 = Debug|Any CPU
		{C5191A75-EB54-4B02-8D04-966E8D33D8F0}.Release|Any CPU.ActiveCfg = Release|Any CPU
		{C5191A75-EB54-4B02-8D04-966E8D33D8F0}.Release|Any CPU.Build.0 = Release|Any CPU
		{C5191A75-EB54-4B02-8D04-966E8D33D8F0}.Release|ARM.ActiveCfg = Release|Any CPU
		{C5191A75-EB54-4B02-8D04-966E8D33D8F0}.Release|ARM.Build.0 = Release|Any CPU
		{C5191A75-EB54-4B02-8D04-966E8D33D8F0}.Release|ARM64.ActiveCfg = Release|Any CPU
		{C5191A75-EB54-4B02-8D04-966E8D33D8F0}.Release|ARM64.Build.0 = Release|Any CPU
		{C5191A75-EB54-4B02-8D04-966E8D33D8F0}.Release|iPhone.ActiveCfg = Release|Any CPU
		{C5191A75-EB54-4B02-8D04-966E8D33D8F0}.Release|iPhone.Build.0 = Release|Any CPU
		{C5191A75-EB54-4B02-8D04-966E8D33D8F0}.Release|iPhoneSimulator.ActiveCfg = Release|Any CPU
		{C5191A75-EB54-4B02-8D04-966E8D33D8F0}.Release|iPhoneSimulator.Build.0 = Release|Any CPU
		{C5191A75-EB54-4B02-8D04-966E8D33D8F0}.Release|x64.ActiveCfg = Release|Any CPU
		{C5191A75-EB54-4B02-8D04-966E8D33D8F0}.Release|x64.Build.0 = Release|Any CPU
		{C5191A75-EB54-4B02-8D04-966E8D33D8F0}.Release|x86.ActiveCfg = Release|Any CPU
		{C5191A75-EB54-4B02-8D04-966E8D33D8F0}.Release|x86.Build.0 = Release|Any CPU
		{5FF8AA52-DBF5-4D81-8BE1-6C9BD307B1FE}.Debug|Any CPU.ActiveCfg = Debug|Any CPU
		{5FF8AA52-DBF5-4D81-8BE1-6C9BD307B1FE}.Debug|Any CPU.Build.0 = Debug|Any CPU
		{5FF8AA52-DBF5-4D81-8BE1-6C9BD307B1FE}.Debug|ARM.ActiveCfg = Debug|Any CPU
		{5FF8AA52-DBF5-4D81-8BE1-6C9BD307B1FE}.Debug|ARM.Build.0 = Debug|Any CPU
		{5FF8AA52-DBF5-4D81-8BE1-6C9BD307B1FE}.Debug|ARM64.ActiveCfg = Debug|Any CPU
		{5FF8AA52-DBF5-4D81-8BE1-6C9BD307B1FE}.Debug|ARM64.Build.0 = Debug|Any CPU
		{5FF8AA52-DBF5-4D81-8BE1-6C9BD307B1FE}.Debug|iPhone.ActiveCfg = Debug|Any CPU
		{5FF8AA52-DBF5-4D81-8BE1-6C9BD307B1FE}.Debug|iPhone.Build.0 = Debug|Any CPU
		{5FF8AA52-DBF5-4D81-8BE1-6C9BD307B1FE}.Debug|iPhoneSimulator.ActiveCfg = Debug|Any CPU
		{5FF8AA52-DBF5-4D81-8BE1-6C9BD307B1FE}.Debug|iPhoneSimulator.Build.0 = Debug|Any CPU
		{5FF8AA52-DBF5-4D81-8BE1-6C9BD307B1FE}.Debug|x64.ActiveCfg = Debug|Any CPU
		{5FF8AA52-DBF5-4D81-8BE1-6C9BD307B1FE}.Debug|x64.Build.0 = Debug|Any CPU
		{5FF8AA52-DBF5-4D81-8BE1-6C9BD307B1FE}.Debug|x86.ActiveCfg = Debug|Any CPU
		{5FF8AA52-DBF5-4D81-8BE1-6C9BD307B1FE}.Debug|x86.Build.0 = Debug|Any CPU
		{5FF8AA52-DBF5-4D81-8BE1-6C9BD307B1FE}.Release|Any CPU.ActiveCfg = Release|Any CPU
		{5FF8AA52-DBF5-4D81-8BE1-6C9BD307B1FE}.Release|Any CPU.Build.0 = Release|Any CPU
		{5FF8AA52-DBF5-4D81-8BE1-6C9BD307B1FE}.Release|ARM.ActiveCfg = Release|Any CPU
		{5FF8AA52-DBF5-4D81-8BE1-6C9BD307B1FE}.Release|ARM.Build.0 = Release|Any CPU
		{5FF8AA52-DBF5-4D81-8BE1-6C9BD307B1FE}.Release|ARM64.ActiveCfg = Release|Any CPU
		{5FF8AA52-DBF5-4D81-8BE1-6C9BD307B1FE}.Release|ARM64.Build.0 = Release|Any CPU
		{5FF8AA52-DBF5-4D81-8BE1-6C9BD307B1FE}.Release|iPhone.ActiveCfg = Release|Any CPU
		{5FF8AA52-DBF5-4D81-8BE1-6C9BD307B1FE}.Release|iPhone.Build.0 = Release|Any CPU
		{5FF8AA52-DBF5-4D81-8BE1-6C9BD307B1FE}.Release|iPhoneSimulator.ActiveCfg = Release|Any CPU
		{5FF8AA52-DBF5-4D81-8BE1-6C9BD307B1FE}.Release|iPhoneSimulator.Build.0 = Release|Any CPU
		{5FF8AA52-DBF5-4D81-8BE1-6C9BD307B1FE}.Release|x64.ActiveCfg = Release|Any CPU
		{5FF8AA52-DBF5-4D81-8BE1-6C9BD307B1FE}.Release|x64.Build.0 = Release|Any CPU
		{5FF8AA52-DBF5-4D81-8BE1-6C9BD307B1FE}.Release|x86.ActiveCfg = Release|Any CPU
		{5FF8AA52-DBF5-4D81-8BE1-6C9BD307B1FE}.Release|x86.Build.0 = Release|Any CPU
		{CFE4E575-4B9C-407A-A13E-0BA948743D17}.Debug|Any CPU.ActiveCfg = Debug|Any CPU
		{CFE4E575-4B9C-407A-A13E-0BA948743D17}.Debug|Any CPU.Build.0 = Debug|Any CPU
		{CFE4E575-4B9C-407A-A13E-0BA948743D17}.Debug|ARM.ActiveCfg = Debug|Any CPU
		{CFE4E575-4B9C-407A-A13E-0BA948743D17}.Debug|ARM.Build.0 = Debug|Any CPU
		{CFE4E575-4B9C-407A-A13E-0BA948743D17}.Debug|ARM64.ActiveCfg = Debug|Any CPU
		{CFE4E575-4B9C-407A-A13E-0BA948743D17}.Debug|ARM64.Build.0 = Debug|Any CPU
		{CFE4E575-4B9C-407A-A13E-0BA948743D17}.Debug|iPhone.ActiveCfg = Debug|Any CPU
		{CFE4E575-4B9C-407A-A13E-0BA948743D17}.Debug|iPhone.Build.0 = Debug|Any CPU
		{CFE4E575-4B9C-407A-A13E-0BA948743D17}.Debug|iPhoneSimulator.ActiveCfg = Debug|Any CPU
		{CFE4E575-4B9C-407A-A13E-0BA948743D17}.Debug|iPhoneSimulator.Build.0 = Debug|Any CPU
		{CFE4E575-4B9C-407A-A13E-0BA948743D17}.Debug|x64.ActiveCfg = Debug|Any CPU
		{CFE4E575-4B9C-407A-A13E-0BA948743D17}.Debug|x64.Build.0 = Debug|Any CPU
		{CFE4E575-4B9C-407A-A13E-0BA948743D17}.Debug|x86.ActiveCfg = Debug|Any CPU
		{CFE4E575-4B9C-407A-A13E-0BA948743D17}.Debug|x86.Build.0 = Debug|Any CPU
		{CFE4E575-4B9C-407A-A13E-0BA948743D17}.Release|Any CPU.ActiveCfg = Release|Any CPU
		{CFE4E575-4B9C-407A-A13E-0BA948743D17}.Release|Any CPU.Build.0 = Release|Any CPU
		{CFE4E575-4B9C-407A-A13E-0BA948743D17}.Release|ARM.ActiveCfg = Release|Any CPU
		{CFE4E575-4B9C-407A-A13E-0BA948743D17}.Release|ARM.Build.0 = Release|Any CPU
		{CFE4E575-4B9C-407A-A13E-0BA948743D17}.Release|ARM64.ActiveCfg = Release|Any CPU
		{CFE4E575-4B9C-407A-A13E-0BA948743D17}.Release|ARM64.Build.0 = Release|Any CPU
		{CFE4E575-4B9C-407A-A13E-0BA948743D17}.Release|iPhone.ActiveCfg = Release|Any CPU
		{CFE4E575-4B9C-407A-A13E-0BA948743D17}.Release|iPhone.Build.0 = Release|Any CPU
		{CFE4E575-4B9C-407A-A13E-0BA948743D17}.Release|iPhoneSimulator.ActiveCfg = Release|Any CPU
		{CFE4E575-4B9C-407A-A13E-0BA948743D17}.Release|iPhoneSimulator.Build.0 = Release|Any CPU
		{CFE4E575-4B9C-407A-A13E-0BA948743D17}.Release|x64.ActiveCfg = Release|Any CPU
		{CFE4E575-4B9C-407A-A13E-0BA948743D17}.Release|x64.Build.0 = Release|Any CPU
		{CFE4E575-4B9C-407A-A13E-0BA948743D17}.Release|x86.ActiveCfg = Release|Any CPU
		{CFE4E575-4B9C-407A-A13E-0BA948743D17}.Release|x86.Build.0 = Release|Any CPU
		{BB6CAF66-A746-4349-8A8E-7AE29B1360EF}.Debug|Any CPU.ActiveCfg = Debug|Any CPU
		{BB6CAF66-A746-4349-8A8E-7AE29B1360EF}.Debug|Any CPU.Build.0 = Debug|Any CPU
		{BB6CAF66-A746-4349-8A8E-7AE29B1360EF}.Debug|ARM.ActiveCfg = Debug|Any CPU
		{BB6CAF66-A746-4349-8A8E-7AE29B1360EF}.Debug|ARM.Build.0 = Debug|Any CPU
		{BB6CAF66-A746-4349-8A8E-7AE29B1360EF}.Debug|ARM64.ActiveCfg = Debug|Any CPU
		{BB6CAF66-A746-4349-8A8E-7AE29B1360EF}.Debug|ARM64.Build.0 = Debug|Any CPU
		{BB6CAF66-A746-4349-8A8E-7AE29B1360EF}.Debug|iPhone.ActiveCfg = Debug|Any CPU
		{BB6CAF66-A746-4349-8A8E-7AE29B1360EF}.Debug|iPhone.Build.0 = Debug|Any CPU
		{BB6CAF66-A746-4349-8A8E-7AE29B1360EF}.Debug|iPhoneSimulator.ActiveCfg = Debug|Any CPU
		{BB6CAF66-A746-4349-8A8E-7AE29B1360EF}.Debug|iPhoneSimulator.Build.0 = Debug|Any CPU
		{BB6CAF66-A746-4349-8A8E-7AE29B1360EF}.Debug|x64.ActiveCfg = Debug|Any CPU
		{BB6CAF66-A746-4349-8A8E-7AE29B1360EF}.Debug|x64.Build.0 = Debug|Any CPU
		{BB6CAF66-A746-4349-8A8E-7AE29B1360EF}.Debug|x86.ActiveCfg = Debug|Any CPU
		{BB6CAF66-A746-4349-8A8E-7AE29B1360EF}.Debug|x86.Build.0 = Debug|Any CPU
		{BB6CAF66-A746-4349-8A8E-7AE29B1360EF}.Release|Any CPU.ActiveCfg = Release|Any CPU
		{BB6CAF66-A746-4349-8A8E-7AE29B1360EF}.Release|Any CPU.Build.0 = Release|Any CPU
		{BB6CAF66-A746-4349-8A8E-7AE29B1360EF}.Release|ARM.ActiveCfg = Release|Any CPU
		{BB6CAF66-A746-4349-8A8E-7AE29B1360EF}.Release|ARM.Build.0 = Release|Any CPU
		{BB6CAF66-A746-4349-8A8E-7AE29B1360EF}.Release|ARM64.ActiveCfg = Release|Any CPU
		{BB6CAF66-A746-4349-8A8E-7AE29B1360EF}.Release|ARM64.Build.0 = Release|Any CPU
		{BB6CAF66-A746-4349-8A8E-7AE29B1360EF}.Release|iPhone.ActiveCfg = Release|Any CPU
		{BB6CAF66-A746-4349-8A8E-7AE29B1360EF}.Release|iPhone.Build.0 = Release|Any CPU
		{BB6CAF66-A746-4349-8A8E-7AE29B1360EF}.Release|iPhoneSimulator.ActiveCfg = Release|Any CPU
		{BB6CAF66-A746-4349-8A8E-7AE29B1360EF}.Release|iPhoneSimulator.Build.0 = Release|Any CPU
		{BB6CAF66-A746-4349-8A8E-7AE29B1360EF}.Release|x64.ActiveCfg = Release|Any CPU
		{BB6CAF66-A746-4349-8A8E-7AE29B1360EF}.Release|x64.Build.0 = Release|Any CPU
		{BB6CAF66-A746-4349-8A8E-7AE29B1360EF}.Release|x86.ActiveCfg = Release|Any CPU
		{BB6CAF66-A746-4349-8A8E-7AE29B1360EF}.Release|x86.Build.0 = Release|Any CPU
		{9A28062E-8083-4E88-8693-43AC86815486}.Debug|Any CPU.ActiveCfg = Debug|Any CPU
		{9A28062E-8083-4E88-8693-43AC86815486}.Debug|Any CPU.Build.0 = Debug|Any CPU
		{9A28062E-8083-4E88-8693-43AC86815486}.Debug|ARM.ActiveCfg = Debug|Any CPU
		{9A28062E-8083-4E88-8693-43AC86815486}.Debug|ARM.Build.0 = Debug|Any CPU
		{9A28062E-8083-4E88-8693-43AC86815486}.Debug|ARM64.ActiveCfg = Debug|Any CPU
		{9A28062E-8083-4E88-8693-43AC86815486}.Debug|ARM64.Build.0 = Debug|Any CPU
		{9A28062E-8083-4E88-8693-43AC86815486}.Debug|iPhone.ActiveCfg = Debug|Any CPU
		{9A28062E-8083-4E88-8693-43AC86815486}.Debug|iPhone.Build.0 = Debug|Any CPU
		{9A28062E-8083-4E88-8693-43AC86815486}.Debug|iPhoneSimulator.ActiveCfg = Debug|Any CPU
		{9A28062E-8083-4E88-8693-43AC86815486}.Debug|iPhoneSimulator.Build.0 = Debug|Any CPU
		{9A28062E-8083-4E88-8693-43AC86815486}.Debug|x64.ActiveCfg = Debug|Any CPU
		{9A28062E-8083-4E88-8693-43AC86815486}.Debug|x64.Build.0 = Debug|Any CPU
		{9A28062E-8083-4E88-8693-43AC86815486}.Debug|x86.ActiveCfg = Debug|Any CPU
		{9A28062E-8083-4E88-8693-43AC86815486}.Debug|x86.Build.0 = Debug|Any CPU
		{9A28062E-8083-4E88-8693-43AC86815486}.Release|Any CPU.ActiveCfg = Release|Any CPU
		{9A28062E-8083-4E88-8693-43AC86815486}.Release|Any CPU.Build.0 = Release|Any CPU
		{9A28062E-8083-4E88-8693-43AC86815486}.Release|ARM.ActiveCfg = Release|Any CPU
		{9A28062E-8083-4E88-8693-43AC86815486}.Release|ARM.Build.0 = Release|Any CPU
		{9A28062E-8083-4E88-8693-43AC86815486}.Release|ARM64.ActiveCfg = Release|Any CPU
		{9A28062E-8083-4E88-8693-43AC86815486}.Release|ARM64.Build.0 = Release|Any CPU
		{9A28062E-8083-4E88-8693-43AC86815486}.Release|iPhone.ActiveCfg = Release|Any CPU
		{9A28062E-8083-4E88-8693-43AC86815486}.Release|iPhone.Build.0 = Release|Any CPU
		{9A28062E-8083-4E88-8693-43AC86815486}.Release|iPhoneSimulator.ActiveCfg = Release|Any CPU
		{9A28062E-8083-4E88-8693-43AC86815486}.Release|iPhoneSimulator.Build.0 = Release|Any CPU
		{9A28062E-8083-4E88-8693-43AC86815486}.Release|x64.ActiveCfg = Release|Any CPU
		{9A28062E-8083-4E88-8693-43AC86815486}.Release|x64.Build.0 = Release|Any CPU
		{9A28062E-8083-4E88-8693-43AC86815486}.Release|x86.ActiveCfg = Release|Any CPU
		{9A28062E-8083-4E88-8693-43AC86815486}.Release|x86.Build.0 = Release|Any CPU
		{68BF4BE8-BE61-400F-8159-CD9A82E7E110}.Debug|Any CPU.ActiveCfg = Debug|Any CPU
		{68BF4BE8-BE61-400F-8159-CD9A82E7E110}.Debug|Any CPU.Build.0 = Debug|Any CPU
		{68BF4BE8-BE61-400F-8159-CD9A82E7E110}.Debug|ARM.ActiveCfg = Debug|Any CPU
		{68BF4BE8-BE61-400F-8159-CD9A82E7E110}.Debug|ARM.Build.0 = Debug|Any CPU
		{68BF4BE8-BE61-400F-8159-CD9A82E7E110}.Debug|ARM64.ActiveCfg = Debug|Any CPU
		{68BF4BE8-BE61-400F-8159-CD9A82E7E110}.Debug|ARM64.Build.0 = Debug|Any CPU
		{68BF4BE8-BE61-400F-8159-CD9A82E7E110}.Debug|iPhone.ActiveCfg = Debug|Any CPU
		{68BF4BE8-BE61-400F-8159-CD9A82E7E110}.Debug|iPhone.Build.0 = Debug|Any CPU
		{68BF4BE8-BE61-400F-8159-CD9A82E7E110}.Debug|iPhoneSimulator.ActiveCfg = Debug|Any CPU
		{68BF4BE8-BE61-400F-8159-CD9A82E7E110}.Debug|iPhoneSimulator.Build.0 = Debug|Any CPU
		{68BF4BE8-BE61-400F-8159-CD9A82E7E110}.Debug|x64.ActiveCfg = Debug|Any CPU
		{68BF4BE8-BE61-400F-8159-CD9A82E7E110}.Debug|x64.Build.0 = Debug|Any CPU
		{68BF4BE8-BE61-400F-8159-CD9A82E7E110}.Debug|x86.ActiveCfg = Debug|Any CPU
		{68BF4BE8-BE61-400F-8159-CD9A82E7E110}.Debug|x86.Build.0 = Debug|Any CPU
		{68BF4BE8-BE61-400F-8159-CD9A82E7E110}.Release|Any CPU.ActiveCfg = Release|Any CPU
		{68BF4BE8-BE61-400F-8159-CD9A82E7E110}.Release|Any CPU.Build.0 = Release|Any CPU
		{68BF4BE8-BE61-400F-8159-CD9A82E7E110}.Release|ARM.ActiveCfg = Release|Any CPU
		{68BF4BE8-BE61-400F-8159-CD9A82E7E110}.Release|ARM.Build.0 = Release|Any CPU
		{68BF4BE8-BE61-400F-8159-CD9A82E7E110}.Release|ARM64.ActiveCfg = Release|Any CPU
		{68BF4BE8-BE61-400F-8159-CD9A82E7E110}.Release|ARM64.Build.0 = Release|Any CPU
		{68BF4BE8-BE61-400F-8159-CD9A82E7E110}.Release|iPhone.ActiveCfg = Release|Any CPU
		{68BF4BE8-BE61-400F-8159-CD9A82E7E110}.Release|iPhone.Build.0 = Release|Any CPU
		{68BF4BE8-BE61-400F-8159-CD9A82E7E110}.Release|iPhoneSimulator.ActiveCfg = Release|Any CPU
		{68BF4BE8-BE61-400F-8159-CD9A82E7E110}.Release|iPhoneSimulator.Build.0 = Release|Any CPU
		{68BF4BE8-BE61-400F-8159-CD9A82E7E110}.Release|x64.ActiveCfg = Release|Any CPU
		{68BF4BE8-BE61-400F-8159-CD9A82E7E110}.Release|x64.Build.0 = Release|Any CPU
		{68BF4BE8-BE61-400F-8159-CD9A82E7E110}.Release|x86.ActiveCfg = Release|Any CPU
		{68BF4BE8-BE61-400F-8159-CD9A82E7E110}.Release|x86.Build.0 = Release|Any CPU
		{05884565-D2CF-4C66-BF67-01F8C6D67B37}.Debug|Any CPU.ActiveCfg = Debug|Any CPU
		{05884565-D2CF-4C66-BF67-01F8C6D67B37}.Debug|Any CPU.Build.0 = Debug|Any CPU
		{05884565-D2CF-4C66-BF67-01F8C6D67B37}.Debug|ARM.ActiveCfg = Debug|Any CPU
		{05884565-D2CF-4C66-BF67-01F8C6D67B37}.Debug|ARM.Build.0 = Debug|Any CPU
		{05884565-D2CF-4C66-BF67-01F8C6D67B37}.Debug|ARM64.ActiveCfg = Debug|Any CPU
		{05884565-D2CF-4C66-BF67-01F8C6D67B37}.Debug|ARM64.Build.0 = Debug|Any CPU
		{05884565-D2CF-4C66-BF67-01F8C6D67B37}.Debug|iPhone.ActiveCfg = Debug|Any CPU
		{05884565-D2CF-4C66-BF67-01F8C6D67B37}.Debug|iPhone.Build.0 = Debug|Any CPU
		{05884565-D2CF-4C66-BF67-01F8C6D67B37}.Debug|iPhoneSimulator.ActiveCfg = Debug|Any CPU
		{05884565-D2CF-4C66-BF67-01F8C6D67B37}.Debug|iPhoneSimulator.Build.0 = Debug|Any CPU
		{05884565-D2CF-4C66-BF67-01F8C6D67B37}.Debug|x64.ActiveCfg = Debug|Any CPU
		{05884565-D2CF-4C66-BF67-01F8C6D67B37}.Debug|x64.Build.0 = Debug|Any CPU
		{05884565-D2CF-4C66-BF67-01F8C6D67B37}.Debug|x86.ActiveCfg = Debug|Any CPU
		{05884565-D2CF-4C66-BF67-01F8C6D67B37}.Debug|x86.Build.0 = Debug|Any CPU
		{05884565-D2CF-4C66-BF67-01F8C6D67B37}.Release|Any CPU.ActiveCfg = Release|Any CPU
		{05884565-D2CF-4C66-BF67-01F8C6D67B37}.Release|Any CPU.Build.0 = Release|Any CPU
		{05884565-D2CF-4C66-BF67-01F8C6D67B37}.Release|ARM.ActiveCfg = Release|Any CPU
		{05884565-D2CF-4C66-BF67-01F8C6D67B37}.Release|ARM.Build.0 = Release|Any CPU
		{05884565-D2CF-4C66-BF67-01F8C6D67B37}.Release|ARM64.ActiveCfg = Release|Any CPU
		{05884565-D2CF-4C66-BF67-01F8C6D67B37}.Release|ARM64.Build.0 = Release|Any CPU
		{05884565-D2CF-4C66-BF67-01F8C6D67B37}.Release|iPhone.ActiveCfg = Release|Any CPU
		{05884565-D2CF-4C66-BF67-01F8C6D67B37}.Release|iPhone.Build.0 = Release|Any CPU
		{05884565-D2CF-4C66-BF67-01F8C6D67B37}.Release|iPhoneSimulator.ActiveCfg = Release|Any CPU
		{05884565-D2CF-4C66-BF67-01F8C6D67B37}.Release|iPhoneSimulator.Build.0 = Release|Any CPU
		{05884565-D2CF-4C66-BF67-01F8C6D67B37}.Release|x64.ActiveCfg = Release|Any CPU
		{05884565-D2CF-4C66-BF67-01F8C6D67B37}.Release|x64.Build.0 = Release|Any CPU
		{05884565-D2CF-4C66-BF67-01F8C6D67B37}.Release|x86.ActiveCfg = Release|Any CPU
		{05884565-D2CF-4C66-BF67-01F8C6D67B37}.Release|x86.Build.0 = Release|Any CPU
		{A1904B81-DBF6-4770-8ABF-C01864D75CA2}.Debug|Any CPU.ActiveCfg = Debug|Any CPU
		{A1904B81-DBF6-4770-8ABF-C01864D75CA2}.Debug|Any CPU.Build.0 = Debug|Any CPU
		{A1904B81-DBF6-4770-8ABF-C01864D75CA2}.Debug|ARM.ActiveCfg = Debug|Any CPU
		{A1904B81-DBF6-4770-8ABF-C01864D75CA2}.Debug|ARM.Build.0 = Debug|Any CPU
		{A1904B81-DBF6-4770-8ABF-C01864D75CA2}.Debug|ARM64.ActiveCfg = Debug|Any CPU
		{A1904B81-DBF6-4770-8ABF-C01864D75CA2}.Debug|ARM64.Build.0 = Debug|Any CPU
		{A1904B81-DBF6-4770-8ABF-C01864D75CA2}.Debug|iPhone.ActiveCfg = Debug|Any CPU
		{A1904B81-DBF6-4770-8ABF-C01864D75CA2}.Debug|iPhone.Build.0 = Debug|Any CPU
		{A1904B81-DBF6-4770-8ABF-C01864D75CA2}.Debug|iPhoneSimulator.ActiveCfg = Debug|Any CPU
		{A1904B81-DBF6-4770-8ABF-C01864D75CA2}.Debug|iPhoneSimulator.Build.0 = Debug|Any CPU
		{A1904B81-DBF6-4770-8ABF-C01864D75CA2}.Debug|x64.ActiveCfg = Debug|Any CPU
		{A1904B81-DBF6-4770-8ABF-C01864D75CA2}.Debug|x64.Build.0 = Debug|Any CPU
		{A1904B81-DBF6-4770-8ABF-C01864D75CA2}.Debug|x86.ActiveCfg = Debug|Any CPU
		{A1904B81-DBF6-4770-8ABF-C01864D75CA2}.Debug|x86.Build.0 = Debug|Any CPU
		{A1904B81-DBF6-4770-8ABF-C01864D75CA2}.Release|Any CPU.ActiveCfg = Release|Any CPU
		{A1904B81-DBF6-4770-8ABF-C01864D75CA2}.Release|Any CPU.Build.0 = Release|Any CPU
		{A1904B81-DBF6-4770-8ABF-C01864D75CA2}.Release|ARM.ActiveCfg = Release|Any CPU
		{A1904B81-DBF6-4770-8ABF-C01864D75CA2}.Release|ARM.Build.0 = Release|Any CPU
		{A1904B81-DBF6-4770-8ABF-C01864D75CA2}.Release|ARM64.ActiveCfg = Release|Any CPU
		{A1904B81-DBF6-4770-8ABF-C01864D75CA2}.Release|ARM64.Build.0 = Release|Any CPU
		{A1904B81-DBF6-4770-8ABF-C01864D75CA2}.Release|iPhone.ActiveCfg = Release|Any CPU
		{A1904B81-DBF6-4770-8ABF-C01864D75CA2}.Release|iPhone.Build.0 = Release|Any CPU
		{A1904B81-DBF6-4770-8ABF-C01864D75CA2}.Release|iPhoneSimulator.ActiveCfg = Release|Any CPU
		{A1904B81-DBF6-4770-8ABF-C01864D75CA2}.Release|iPhoneSimulator.Build.0 = Release|Any CPU
		{A1904B81-DBF6-4770-8ABF-C01864D75CA2}.Release|x64.ActiveCfg = Release|Any CPU
		{A1904B81-DBF6-4770-8ABF-C01864D75CA2}.Release|x64.Build.0 = Release|Any CPU
		{A1904B81-DBF6-4770-8ABF-C01864D75CA2}.Release|x86.ActiveCfg = Release|Any CPU
		{A1904B81-DBF6-4770-8ABF-C01864D75CA2}.Release|x86.Build.0 = Release|Any CPU
		{8D275B2D-C66C-4E66-96A8-8CB77AA71D32}.Debug|Any CPU.ActiveCfg = Debug|Any CPU
		{8D275B2D-C66C-4E66-96A8-8CB77AA71D32}.Debug|Any CPU.Build.0 = Debug|Any CPU
		{8D275B2D-C66C-4E66-96A8-8CB77AA71D32}.Debug|Any CPU.Deploy.0 = Debug|Any CPU
		{8D275B2D-C66C-4E66-96A8-8CB77AA71D32}.Debug|ARM.ActiveCfg = Debug|Any CPU
		{8D275B2D-C66C-4E66-96A8-8CB77AA71D32}.Debug|ARM.Build.0 = Debug|Any CPU
		{8D275B2D-C66C-4E66-96A8-8CB77AA71D32}.Debug|ARM.Deploy.0 = Debug|Any CPU
		{8D275B2D-C66C-4E66-96A8-8CB77AA71D32}.Debug|ARM64.ActiveCfg = Debug|Any CPU
		{8D275B2D-C66C-4E66-96A8-8CB77AA71D32}.Debug|ARM64.Build.0 = Debug|Any CPU
		{8D275B2D-C66C-4E66-96A8-8CB77AA71D32}.Debug|ARM64.Deploy.0 = Debug|Any CPU
		{8D275B2D-C66C-4E66-96A8-8CB77AA71D32}.Debug|iPhone.ActiveCfg = Debug|Any CPU
		{8D275B2D-C66C-4E66-96A8-8CB77AA71D32}.Debug|iPhone.Build.0 = Debug|Any CPU
		{8D275B2D-C66C-4E66-96A8-8CB77AA71D32}.Debug|iPhone.Deploy.0 = Debug|Any CPU
		{8D275B2D-C66C-4E66-96A8-8CB77AA71D32}.Debug|iPhoneSimulator.ActiveCfg = Debug|Any CPU
		{8D275B2D-C66C-4E66-96A8-8CB77AA71D32}.Debug|iPhoneSimulator.Build.0 = Debug|Any CPU
		{8D275B2D-C66C-4E66-96A8-8CB77AA71D32}.Debug|iPhoneSimulator.Deploy.0 = Debug|Any CPU
		{8D275B2D-C66C-4E66-96A8-8CB77AA71D32}.Debug|x64.ActiveCfg = Debug|Any CPU
		{8D275B2D-C66C-4E66-96A8-8CB77AA71D32}.Debug|x64.Build.0 = Debug|Any CPU
		{8D275B2D-C66C-4E66-96A8-8CB77AA71D32}.Debug|x64.Deploy.0 = Debug|Any CPU
		{8D275B2D-C66C-4E66-96A8-8CB77AA71D32}.Debug|x86.ActiveCfg = Debug|Any CPU
		{8D275B2D-C66C-4E66-96A8-8CB77AA71D32}.Debug|x86.Build.0 = Debug|Any CPU
		{8D275B2D-C66C-4E66-96A8-8CB77AA71D32}.Debug|x86.Deploy.0 = Debug|Any CPU
		{8D275B2D-C66C-4E66-96A8-8CB77AA71D32}.Release|Any CPU.ActiveCfg = Release|Any CPU
		{8D275B2D-C66C-4E66-96A8-8CB77AA71D32}.Release|Any CPU.Build.0 = Release|Any CPU
		{8D275B2D-C66C-4E66-96A8-8CB77AA71D32}.Release|Any CPU.Deploy.0 = Release|Any CPU
		{8D275B2D-C66C-4E66-96A8-8CB77AA71D32}.Release|ARM.ActiveCfg = Release|Any CPU
		{8D275B2D-C66C-4E66-96A8-8CB77AA71D32}.Release|ARM.Build.0 = Release|Any CPU
		{8D275B2D-C66C-4E66-96A8-8CB77AA71D32}.Release|ARM.Deploy.0 = Release|Any CPU
		{8D275B2D-C66C-4E66-96A8-8CB77AA71D32}.Release|ARM64.ActiveCfg = Release|Any CPU
		{8D275B2D-C66C-4E66-96A8-8CB77AA71D32}.Release|ARM64.Build.0 = Release|Any CPU
		{8D275B2D-C66C-4E66-96A8-8CB77AA71D32}.Release|ARM64.Deploy.0 = Release|Any CPU
		{8D275B2D-C66C-4E66-96A8-8CB77AA71D32}.Release|iPhone.ActiveCfg = Release|Any CPU
		{8D275B2D-C66C-4E66-96A8-8CB77AA71D32}.Release|iPhone.Build.0 = Release|Any CPU
		{8D275B2D-C66C-4E66-96A8-8CB77AA71D32}.Release|iPhone.Deploy.0 = Release|Any CPU
		{8D275B2D-C66C-4E66-96A8-8CB77AA71D32}.Release|iPhoneSimulator.ActiveCfg = Release|Any CPU
		{8D275B2D-C66C-4E66-96A8-8CB77AA71D32}.Release|iPhoneSimulator.Build.0 = Release|Any CPU
		{8D275B2D-C66C-4E66-96A8-8CB77AA71D32}.Release|iPhoneSimulator.Deploy.0 = Release|Any CPU
		{8D275B2D-C66C-4E66-96A8-8CB77AA71D32}.Release|x64.ActiveCfg = Release|Any CPU
		{8D275B2D-C66C-4E66-96A8-8CB77AA71D32}.Release|x64.Build.0 = Release|Any CPU
		{8D275B2D-C66C-4E66-96A8-8CB77AA71D32}.Release|x64.Deploy.0 = Release|Any CPU
		{8D275B2D-C66C-4E66-96A8-8CB77AA71D32}.Release|x86.ActiveCfg = Release|Any CPU
		{8D275B2D-C66C-4E66-96A8-8CB77AA71D32}.Release|x86.Build.0 = Release|Any CPU
		{8D275B2D-C66C-4E66-96A8-8CB77AA71D32}.Release|x86.Deploy.0 = Release|Any CPU
		{5B4B6769-4812-4E9D-B359-B98BE59F7D7C}.Debug|Any CPU.ActiveCfg = Debug|iPhone
		{5B4B6769-4812-4E9D-B359-B98BE59F7D7C}.Debug|ARM.ActiveCfg = Debug|iPhone
		{5B4B6769-4812-4E9D-B359-B98BE59F7D7C}.Debug|ARM64.ActiveCfg = Debug|iPhone
		{5B4B6769-4812-4E9D-B359-B98BE59F7D7C}.Debug|iPhone.ActiveCfg = Debug|iPhone
		{5B4B6769-4812-4E9D-B359-B98BE59F7D7C}.Debug|iPhone.Build.0 = Debug|iPhone
		{5B4B6769-4812-4E9D-B359-B98BE59F7D7C}.Debug|iPhoneSimulator.ActiveCfg = Debug|iPhoneSimulator
		{5B4B6769-4812-4E9D-B359-B98BE59F7D7C}.Debug|iPhoneSimulator.Build.0 = Debug|iPhoneSimulator
		{5B4B6769-4812-4E9D-B359-B98BE59F7D7C}.Debug|x64.ActiveCfg = Debug|iPhone
		{5B4B6769-4812-4E9D-B359-B98BE59F7D7C}.Debug|x86.ActiveCfg = Debug|iPhone
		{5B4B6769-4812-4E9D-B359-B98BE59F7D7C}.Release|Any CPU.ActiveCfg = Release|iPhone
		{5B4B6769-4812-4E9D-B359-B98BE59F7D7C}.Release|ARM.ActiveCfg = Release|iPhone
		{5B4B6769-4812-4E9D-B359-B98BE59F7D7C}.Release|ARM64.ActiveCfg = Release|iPhone
		{5B4B6769-4812-4E9D-B359-B98BE59F7D7C}.Release|iPhone.ActiveCfg = Release|iPhone
		{5B4B6769-4812-4E9D-B359-B98BE59F7D7C}.Release|iPhone.Build.0 = Release|iPhone
		{5B4B6769-4812-4E9D-B359-B98BE59F7D7C}.Release|iPhoneSimulator.ActiveCfg = Release|iPhoneSimulator
		{5B4B6769-4812-4E9D-B359-B98BE59F7D7C}.Release|iPhoneSimulator.Build.0 = Release|iPhoneSimulator
		{5B4B6769-4812-4E9D-B359-B98BE59F7D7C}.Release|x64.ActiveCfg = Release|iPhone
		{5B4B6769-4812-4E9D-B359-B98BE59F7D7C}.Release|x86.ActiveCfg = Release|iPhone
		{F53D424D-C286-43D2-8B7A-57136D26A5C7}.Debug|Any CPU.ActiveCfg = Debug|Any CPU
		{F53D424D-C286-43D2-8B7A-57136D26A5C7}.Debug|Any CPU.Build.0 = Debug|Any CPU
		{F53D424D-C286-43D2-8B7A-57136D26A5C7}.Debug|ARM.ActiveCfg = Debug|Any CPU
		{F53D424D-C286-43D2-8B7A-57136D26A5C7}.Debug|ARM.Build.0 = Debug|Any CPU
		{F53D424D-C286-43D2-8B7A-57136D26A5C7}.Debug|ARM64.ActiveCfg = Debug|Any CPU
		{F53D424D-C286-43D2-8B7A-57136D26A5C7}.Debug|ARM64.Build.0 = Debug|Any CPU
		{F53D424D-C286-43D2-8B7A-57136D26A5C7}.Debug|iPhone.ActiveCfg = Debug|Any CPU
		{F53D424D-C286-43D2-8B7A-57136D26A5C7}.Debug|iPhone.Build.0 = Debug|Any CPU
		{F53D424D-C286-43D2-8B7A-57136D26A5C7}.Debug|iPhoneSimulator.ActiveCfg = Debug|Any CPU
		{F53D424D-C286-43D2-8B7A-57136D26A5C7}.Debug|iPhoneSimulator.Build.0 = Debug|Any CPU
		{F53D424D-C286-43D2-8B7A-57136D26A5C7}.Debug|x64.ActiveCfg = Debug|Any CPU
		{F53D424D-C286-43D2-8B7A-57136D26A5C7}.Debug|x64.Build.0 = Debug|Any CPU
		{F53D424D-C286-43D2-8B7A-57136D26A5C7}.Debug|x86.ActiveCfg = Debug|Any CPU
		{F53D424D-C286-43D2-8B7A-57136D26A5C7}.Debug|x86.Build.0 = Debug|Any CPU
		{F53D424D-C286-43D2-8B7A-57136D26A5C7}.Release|Any CPU.ActiveCfg = Release|Any CPU
		{F53D424D-C286-43D2-8B7A-57136D26A5C7}.Release|Any CPU.Build.0 = Release|Any CPU
		{F53D424D-C286-43D2-8B7A-57136D26A5C7}.Release|ARM.ActiveCfg = Release|Any CPU
		{F53D424D-C286-43D2-8B7A-57136D26A5C7}.Release|ARM.Build.0 = Release|Any CPU
		{F53D424D-C286-43D2-8B7A-57136D26A5C7}.Release|ARM64.ActiveCfg = Release|Any CPU
		{F53D424D-C286-43D2-8B7A-57136D26A5C7}.Release|ARM64.Build.0 = Release|Any CPU
		{F53D424D-C286-43D2-8B7A-57136D26A5C7}.Release|iPhone.ActiveCfg = Release|Any CPU
		{F53D424D-C286-43D2-8B7A-57136D26A5C7}.Release|iPhone.Build.0 = Release|Any CPU
		{F53D424D-C286-43D2-8B7A-57136D26A5C7}.Release|iPhoneSimulator.ActiveCfg = Release|Any CPU
		{F53D424D-C286-43D2-8B7A-57136D26A5C7}.Release|iPhoneSimulator.Build.0 = Release|Any CPU
		{F53D424D-C286-43D2-8B7A-57136D26A5C7}.Release|x64.ActiveCfg = Release|Any CPU
		{F53D424D-C286-43D2-8B7A-57136D26A5C7}.Release|x64.Build.0 = Release|Any CPU
		{F53D424D-C286-43D2-8B7A-57136D26A5C7}.Release|x86.ActiveCfg = Release|Any CPU
		{F53D424D-C286-43D2-8B7A-57136D26A5C7}.Release|x86.Build.0 = Release|Any CPU
		{E044E495-BDB5-478D-8132-D7A30EB83776}.Debug|Any CPU.ActiveCfg = Debug|Any CPU
		{E044E495-BDB5-478D-8132-D7A30EB83776}.Debug|Any CPU.Build.0 = Debug|Any CPU
		{E044E495-BDB5-478D-8132-D7A30EB83776}.Debug|Any CPU.Deploy.0 = Debug|Any CPU
		{E044E495-BDB5-478D-8132-D7A30EB83776}.Debug|ARM.ActiveCfg = Debug|Any CPU
		{E044E495-BDB5-478D-8132-D7A30EB83776}.Debug|ARM.Build.0 = Debug|Any CPU
		{E044E495-BDB5-478D-8132-D7A30EB83776}.Debug|ARM.Deploy.0 = Debug|Any CPU
		{E044E495-BDB5-478D-8132-D7A30EB83776}.Debug|ARM64.ActiveCfg = Debug|Any CPU
		{E044E495-BDB5-478D-8132-D7A30EB83776}.Debug|ARM64.Build.0 = Debug|Any CPU
		{E044E495-BDB5-478D-8132-D7A30EB83776}.Debug|ARM64.Deploy.0 = Debug|Any CPU
		{E044E495-BDB5-478D-8132-D7A30EB83776}.Debug|iPhone.ActiveCfg = Debug|Any CPU
		{E044E495-BDB5-478D-8132-D7A30EB83776}.Debug|iPhone.Build.0 = Debug|Any CPU
		{E044E495-BDB5-478D-8132-D7A30EB83776}.Debug|iPhone.Deploy.0 = Debug|Any CPU
		{E044E495-BDB5-478D-8132-D7A30EB83776}.Debug|iPhoneSimulator.ActiveCfg = Debug|Any CPU
		{E044E495-BDB5-478D-8132-D7A30EB83776}.Debug|iPhoneSimulator.Build.0 = Debug|Any CPU
		{E044E495-BDB5-478D-8132-D7A30EB83776}.Debug|iPhoneSimulator.Deploy.0 = Debug|Any CPU
		{E044E495-BDB5-478D-8132-D7A30EB83776}.Debug|x64.ActiveCfg = Debug|Any CPU
		{E044E495-BDB5-478D-8132-D7A30EB83776}.Debug|x64.Build.0 = Debug|Any CPU
		{E044E495-BDB5-478D-8132-D7A30EB83776}.Debug|x64.Deploy.0 = Debug|Any CPU
		{E044E495-BDB5-478D-8132-D7A30EB83776}.Debug|x86.ActiveCfg = Debug|Any CPU
		{E044E495-BDB5-478D-8132-D7A30EB83776}.Debug|x86.Build.0 = Debug|Any CPU
		{E044E495-BDB5-478D-8132-D7A30EB83776}.Debug|x86.Deploy.0 = Debug|Any CPU
		{E044E495-BDB5-478D-8132-D7A30EB83776}.Release|Any CPU.ActiveCfg = Release|Any CPU
		{E044E495-BDB5-478D-8132-D7A30EB83776}.Release|Any CPU.Build.0 = Release|Any CPU
		{E044E495-BDB5-478D-8132-D7A30EB83776}.Release|Any CPU.Deploy.0 = Release|Any CPU
		{E044E495-BDB5-478D-8132-D7A30EB83776}.Release|ARM.ActiveCfg = Release|Any CPU
		{E044E495-BDB5-478D-8132-D7A30EB83776}.Release|ARM.Build.0 = Release|Any CPU
		{E044E495-BDB5-478D-8132-D7A30EB83776}.Release|ARM.Deploy.0 = Release|Any CPU
		{E044E495-BDB5-478D-8132-D7A30EB83776}.Release|ARM64.ActiveCfg = Release|Any CPU
		{E044E495-BDB5-478D-8132-D7A30EB83776}.Release|ARM64.Build.0 = Release|Any CPU
		{E044E495-BDB5-478D-8132-D7A30EB83776}.Release|ARM64.Deploy.0 = Release|Any CPU
		{E044E495-BDB5-478D-8132-D7A30EB83776}.Release|iPhone.ActiveCfg = Release|Any CPU
		{E044E495-BDB5-478D-8132-D7A30EB83776}.Release|iPhone.Build.0 = Release|Any CPU
		{E044E495-BDB5-478D-8132-D7A30EB83776}.Release|iPhone.Deploy.0 = Release|Any CPU
		{E044E495-BDB5-478D-8132-D7A30EB83776}.Release|iPhoneSimulator.ActiveCfg = Release|Any CPU
		{E044E495-BDB5-478D-8132-D7A30EB83776}.Release|iPhoneSimulator.Build.0 = Release|Any CPU
		{E044E495-BDB5-478D-8132-D7A30EB83776}.Release|iPhoneSimulator.Deploy.0 = Release|Any CPU
		{E044E495-BDB5-478D-8132-D7A30EB83776}.Release|x64.ActiveCfg = Release|Any CPU
		{E044E495-BDB5-478D-8132-D7A30EB83776}.Release|x64.Build.0 = Release|Any CPU
		{E044E495-BDB5-478D-8132-D7A30EB83776}.Release|x64.Deploy.0 = Release|Any CPU
		{E044E495-BDB5-478D-8132-D7A30EB83776}.Release|x86.ActiveCfg = Release|Any CPU
		{E044E495-BDB5-478D-8132-D7A30EB83776}.Release|x86.Build.0 = Release|Any CPU
		{E044E495-BDB5-478D-8132-D7A30EB83776}.Release|x86.Deploy.0 = Release|Any CPU
		{7F13C9A2-3B86-471F-8D2B-BBEA81100572}.Debug|Any CPU.ActiveCfg = Debug|iPhone
		{7F13C9A2-3B86-471F-8D2B-BBEA81100572}.Debug|ARM.ActiveCfg = Debug|iPhone
		{7F13C9A2-3B86-471F-8D2B-BBEA81100572}.Debug|ARM64.ActiveCfg = Debug|iPhone
		{7F13C9A2-3B86-471F-8D2B-BBEA81100572}.Debug|iPhone.ActiveCfg = Debug|iPhone
		{7F13C9A2-3B86-471F-8D2B-BBEA81100572}.Debug|iPhone.Build.0 = Debug|iPhone
		{7F13C9A2-3B86-471F-8D2B-BBEA81100572}.Debug|iPhoneSimulator.ActiveCfg = Debug|iPhoneSimulator
		{7F13C9A2-3B86-471F-8D2B-BBEA81100572}.Debug|iPhoneSimulator.Build.0 = Debug|iPhoneSimulator
		{7F13C9A2-3B86-471F-8D2B-BBEA81100572}.Debug|x64.ActiveCfg = Debug|iPhone
		{7F13C9A2-3B86-471F-8D2B-BBEA81100572}.Debug|x86.ActiveCfg = Debug|iPhone
		{7F13C9A2-3B86-471F-8D2B-BBEA81100572}.Release|Any CPU.ActiveCfg = Release|iPhone
		{7F13C9A2-3B86-471F-8D2B-BBEA81100572}.Release|ARM.ActiveCfg = Release|iPhone
		{7F13C9A2-3B86-471F-8D2B-BBEA81100572}.Release|ARM64.ActiveCfg = Release|iPhone
		{7F13C9A2-3B86-471F-8D2B-BBEA81100572}.Release|iPhone.ActiveCfg = Release|iPhone
		{7F13C9A2-3B86-471F-8D2B-BBEA81100572}.Release|iPhone.Build.0 = Release|iPhone
		{7F13C9A2-3B86-471F-8D2B-BBEA81100572}.Release|iPhoneSimulator.ActiveCfg = Release|iPhoneSimulator
		{7F13C9A2-3B86-471F-8D2B-BBEA81100572}.Release|iPhoneSimulator.Build.0 = Release|iPhoneSimulator
		{7F13C9A2-3B86-471F-8D2B-BBEA81100572}.Release|x64.ActiveCfg = Release|iPhone
		{7F13C9A2-3B86-471F-8D2B-BBEA81100572}.Release|x86.ActiveCfg = Release|iPhone
		{40C095F1-0C73-4016-805E-826703B2347B}.Debug|Any CPU.ActiveCfg = Debug|Any CPU
		{40C095F1-0C73-4016-805E-826703B2347B}.Debug|Any CPU.Build.0 = Debug|Any CPU
		{40C095F1-0C73-4016-805E-826703B2347B}.Debug|ARM.ActiveCfg = Debug|Any CPU
		{40C095F1-0C73-4016-805E-826703B2347B}.Debug|ARM.Build.0 = Debug|Any CPU
		{40C095F1-0C73-4016-805E-826703B2347B}.Debug|ARM64.ActiveCfg = Debug|Any CPU
		{40C095F1-0C73-4016-805E-826703B2347B}.Debug|ARM64.Build.0 = Debug|Any CPU
		{40C095F1-0C73-4016-805E-826703B2347B}.Debug|iPhone.ActiveCfg = Debug|Any CPU
		{40C095F1-0C73-4016-805E-826703B2347B}.Debug|iPhone.Build.0 = Debug|Any CPU
		{40C095F1-0C73-4016-805E-826703B2347B}.Debug|iPhoneSimulator.ActiveCfg = Debug|Any CPU
		{40C095F1-0C73-4016-805E-826703B2347B}.Debug|iPhoneSimulator.Build.0 = Debug|Any CPU
		{40C095F1-0C73-4016-805E-826703B2347B}.Debug|x64.ActiveCfg = Debug|Any CPU
		{40C095F1-0C73-4016-805E-826703B2347B}.Debug|x64.Build.0 = Debug|Any CPU
		{40C095F1-0C73-4016-805E-826703B2347B}.Debug|x86.ActiveCfg = Debug|Any CPU
		{40C095F1-0C73-4016-805E-826703B2347B}.Debug|x86.Build.0 = Debug|Any CPU
		{40C095F1-0C73-4016-805E-826703B2347B}.Release|Any CPU.ActiveCfg = Release|Any CPU
		{40C095F1-0C73-4016-805E-826703B2347B}.Release|Any CPU.Build.0 = Release|Any CPU
		{40C095F1-0C73-4016-805E-826703B2347B}.Release|ARM.ActiveCfg = Release|Any CPU
		{40C095F1-0C73-4016-805E-826703B2347B}.Release|ARM.Build.0 = Release|Any CPU
		{40C095F1-0C73-4016-805E-826703B2347B}.Release|ARM64.ActiveCfg = Release|Any CPU
		{40C095F1-0C73-4016-805E-826703B2347B}.Release|ARM64.Build.0 = Release|Any CPU
		{40C095F1-0C73-4016-805E-826703B2347B}.Release|iPhone.ActiveCfg = Release|Any CPU
		{40C095F1-0C73-4016-805E-826703B2347B}.Release|iPhone.Build.0 = Release|Any CPU
		{40C095F1-0C73-4016-805E-826703B2347B}.Release|iPhoneSimulator.ActiveCfg = Release|Any CPU
		{40C095F1-0C73-4016-805E-826703B2347B}.Release|iPhoneSimulator.Build.0 = Release|Any CPU
		{40C095F1-0C73-4016-805E-826703B2347B}.Release|x64.ActiveCfg = Release|Any CPU
		{40C095F1-0C73-4016-805E-826703B2347B}.Release|x64.Build.0 = Release|Any CPU
		{40C095F1-0C73-4016-805E-826703B2347B}.Release|x86.ActiveCfg = Release|Any CPU
		{40C095F1-0C73-4016-805E-826703B2347B}.Release|x86.Build.0 = Release|Any CPU
		{115A0701-D8DE-431E-8F4F-CF0A77C16A5C}.Debug|Any CPU.ActiveCfg = Debug|Any CPU
		{115A0701-D8DE-431E-8F4F-CF0A77C16A5C}.Debug|Any CPU.Build.0 = Debug|Any CPU
		{115A0701-D8DE-431E-8F4F-CF0A77C16A5C}.Debug|ARM.ActiveCfg = Debug|Any CPU
		{115A0701-D8DE-431E-8F4F-CF0A77C16A5C}.Debug|ARM.Build.0 = Debug|Any CPU
		{115A0701-D8DE-431E-8F4F-CF0A77C16A5C}.Debug|ARM64.ActiveCfg = Debug|Any CPU
		{115A0701-D8DE-431E-8F4F-CF0A77C16A5C}.Debug|ARM64.Build.0 = Debug|Any CPU
		{115A0701-D8DE-431E-8F4F-CF0A77C16A5C}.Debug|iPhone.ActiveCfg = Debug|Any CPU
		{115A0701-D8DE-431E-8F4F-CF0A77C16A5C}.Debug|iPhone.Build.0 = Debug|Any CPU
		{115A0701-D8DE-431E-8F4F-CF0A77C16A5C}.Debug|iPhoneSimulator.ActiveCfg = Debug|Any CPU
		{115A0701-D8DE-431E-8F4F-CF0A77C16A5C}.Debug|iPhoneSimulator.Build.0 = Debug|Any CPU
		{115A0701-D8DE-431E-8F4F-CF0A77C16A5C}.Debug|x64.ActiveCfg = Debug|Any CPU
		{115A0701-D8DE-431E-8F4F-CF0A77C16A5C}.Debug|x64.Build.0 = Debug|Any CPU
		{115A0701-D8DE-431E-8F4F-CF0A77C16A5C}.Debug|x86.ActiveCfg = Debug|Any CPU
		{115A0701-D8DE-431E-8F4F-CF0A77C16A5C}.Debug|x86.Build.0 = Debug|Any CPU
		{115A0701-D8DE-431E-8F4F-CF0A77C16A5C}.Release|Any CPU.ActiveCfg = Release|Any CPU
		{115A0701-D8DE-431E-8F4F-CF0A77C16A5C}.Release|Any CPU.Build.0 = Release|Any CPU
		{115A0701-D8DE-431E-8F4F-CF0A77C16A5C}.Release|ARM.ActiveCfg = Release|Any CPU
		{115A0701-D8DE-431E-8F4F-CF0A77C16A5C}.Release|ARM.Build.0 = Release|Any CPU
		{115A0701-D8DE-431E-8F4F-CF0A77C16A5C}.Release|ARM64.ActiveCfg = Release|Any CPU
		{115A0701-D8DE-431E-8F4F-CF0A77C16A5C}.Release|ARM64.Build.0 = Release|Any CPU
		{115A0701-D8DE-431E-8F4F-CF0A77C16A5C}.Release|iPhone.ActiveCfg = Release|Any CPU
		{115A0701-D8DE-431E-8F4F-CF0A77C16A5C}.Release|iPhone.Build.0 = Release|Any CPU
		{115A0701-D8DE-431E-8F4F-CF0A77C16A5C}.Release|iPhoneSimulator.ActiveCfg = Release|Any CPU
		{115A0701-D8DE-431E-8F4F-CF0A77C16A5C}.Release|iPhoneSimulator.Build.0 = Release|Any CPU
		{115A0701-D8DE-431E-8F4F-CF0A77C16A5C}.Release|x64.ActiveCfg = Release|Any CPU
		{115A0701-D8DE-431E-8F4F-CF0A77C16A5C}.Release|x64.Build.0 = Release|Any CPU
		{115A0701-D8DE-431E-8F4F-CF0A77C16A5C}.Release|x86.ActiveCfg = Release|Any CPU
		{115A0701-D8DE-431E-8F4F-CF0A77C16A5C}.Release|x86.Build.0 = Release|Any CPU
	EndGlobalSection
	GlobalSection(SolutionProperties) = preSolution
		HideSolutionNode = FALSE
	EndGlobalSection
	GlobalSection(ExtensibilityGlobals) = postSolution
		SolutionGuid = {1A0FE4C0-D67D-4E3E-80E5-DA82DC22CE3E}
	EndGlobalSection
EndGlobal
