
Microsoft Visual Studio Solution File, Format Version 12.00
# Visual Studio Version 16
VisualStudioVersion = 16.0.29926.136
MinimumVisualStudioVersion = 10.0.40219.1
Project("{FAE04EC0-301F-11D3-BF4B-00C04F79EFBC}") = "MapleStoryHelper", "MapleStoryHelper\MapleStoryHelper.csproj", "{9715D93E-842C-47A2-81DF-46034561899C}"
	ProjectSection(ProjectDependencies) = postProject
		{33BC35E0-B1C4-4A35-8A32-EE4439EE3E44} = {33BC35E0-B1C4-4A35-8A32-EE4439EE3E44}
	EndProjectSection
EndProject
Project("{9A19103F-16F7-4668-BE54-9A1E7A4F7556}") = "MapleStoryHelper.Standard.Item", "MapleStoryHelper.Standard.Item\MapleStoryHelper.Standard.Item.csproj", "{33BC35E0-B1C4-4A35-8A32-EE4439EE3E44}"
EndProject
Project("{9A19103F-16F7-4668-BE54-9A1E7A4F7556}") = "MapleStoryHelper.Standard", "MapleStoryHelper.Standard\MapleStoryHelper.Standard.csproj", "{CB0C667C-9461-46F3-AB27-73FDF15AEA57}"
EndProject
Project("{FAE04EC0-301F-11D3-BF4B-00C04F79EFBC}") = "MapleStoryCodeSearcher", "MapleStoryCodeSearcher\MapleStoryCodeSearcher.csproj", "{9C9E52ED-A88D-405B-B84E-17F63522D380}"
EndProject
Project("{2150E333-8FDC-42A3-9474-1A3956D46DE8}") = "Resources", "Resources", "{559725E3-E27A-4396-8712-DDB727724A6B}"
EndProject
Project("{2150E333-8FDC-42A3-9474-1A3956D46DE8}") = "Design", "Design", "{0BDCAAAC-DAEC-442C-9656-0F2A06D8BE22}"
	ProjectSection(SolutionItems) = preProject
		Resources\Design\메이플스탯계산 화면구성.png = Resources\Design\메이플스탯계산 화면구성.png
	EndProjectSection
EndProject
Project("{9A19103F-16F7-4668-BE54-9A1E7A4F7556}") = "MapleStoryHelper.Standard.Character", "MapleStoryHelper.Standard.Character\MapleStoryHelper.Standard.Character.csproj", "{8746CB0E-6404-4595-AF83-270D25A0F163}"
	ProjectSection(ProjectDependencies) = postProject
		{33BC35E0-B1C4-4A35-8A32-EE4439EE3E44} = {33BC35E0-B1C4-4A35-8A32-EE4439EE3E44}
	EndProjectSection
EndProject
Project("{9A19103F-16F7-4668-BE54-9A1E7A4F7556}") = "MapleStoryHelper.Standard.Resources", "MapleStoryHelper.Standard.Resources\MapleStoryHelper.Standard.Resources.csproj", "{1647D18B-8ADA-4DAE-A66F-A3931CE0783E}"
EndProject
Project("{9A19103F-16F7-4668-BE54-9A1E7A4F7556}") = "MapleStoryHelper.Standard.Boss", "MapleStoryHelper.Standard.Boss\MapleStoryHelper.Standard.Boss.csproj", "{74CB7049-4E08-4E48-8D72-89B720CED519}"
EndProject
Project("{9A19103F-16F7-4668-BE54-9A1E7A4F7556}") = "WzComparerR2.Common", "WzComparerR2.Common\WzComparerR2.Common.csproj", "{3F93E5E8-79DC-45BD-B762-D5CA6314B9A4}"
EndProject
Project("{9A19103F-16F7-4668-BE54-9A1E7A4F7556}") = "WzComparerR2.PluginBase", "WzComparerR2.PluginBase\WzComparerR2.PluginBase.csproj", "{65D7715D-EFCB-499C-8216-335E764D55DC}"
EndProject
Project("{9A19103F-16F7-4668-BE54-9A1E7A4F7556}") = "WzComparerR2.WzLib", "WzComparerR2.WzLib\WzComparerR2.WzLib.csproj", "{8FDCCD22-5CA2-497C-89CA-8EBB1155426C}"
EndProject
Project("{FAE04EC0-301F-11D3-BF4B-00C04F79EFBC}") = "MapleStoryDpmCalc", "MapleStoryDpmCalc\MapleStoryDpmCalc.csproj", "{94D2BF36-95F8-4F8B-A4C0-DCAD47BE27BD}"
EndProject
Global
	GlobalSection(SolutionConfigurationPlatforms) = preSolution
		Debug|Any CPU = Debug|Any CPU
		Debug|ARM = Debug|ARM
		Debug|ARM64 = Debug|ARM64
		Debug|x64 = Debug|x64
		Debug|x86 = Debug|x86
		Release|Any CPU = Release|Any CPU
		Release|ARM = Release|ARM
		Release|ARM64 = Release|ARM64
		Release|x64 = Release|x64
		Release|x86 = Release|x86
	EndGlobalSection
	GlobalSection(ProjectConfigurationPlatforms) = postSolution
		{9715D93E-842C-47A2-81DF-46034561899C}.Debug|Any CPU.ActiveCfg = Debug|x86
		{9715D93E-842C-47A2-81DF-46034561899C}.Debug|Any CPU.Build.0 = Debug|x86
		{9715D93E-842C-47A2-81DF-46034561899C}.Debug|Any CPU.Deploy.0 = Debug|x86
		{9715D93E-842C-47A2-81DF-46034561899C}.Debug|ARM.ActiveCfg = Debug|ARM
		{9715D93E-842C-47A2-81DF-46034561899C}.Debug|ARM.Build.0 = Debug|ARM
		{9715D93E-842C-47A2-81DF-46034561899C}.Debug|ARM.Deploy.0 = Debug|ARM
		{9715D93E-842C-47A2-81DF-46034561899C}.Debug|ARM64.ActiveCfg = Debug|ARM64
		{9715D93E-842C-47A2-81DF-46034561899C}.Debug|ARM64.Build.0 = Debug|ARM64
		{9715D93E-842C-47A2-81DF-46034561899C}.Debug|ARM64.Deploy.0 = Debug|ARM64
		{9715D93E-842C-47A2-81DF-46034561899C}.Debug|x64.ActiveCfg = Debug|x64
		{9715D93E-842C-47A2-81DF-46034561899C}.Debug|x64.Build.0 = Debug|x64
		{9715D93E-842C-47A2-81DF-46034561899C}.Debug|x64.Deploy.0 = Debug|x64
		{9715D93E-842C-47A2-81DF-46034561899C}.Debug|x86.ActiveCfg = Debug|x86
		{9715D93E-842C-47A2-81DF-46034561899C}.Debug|x86.Build.0 = Debug|x86
		{9715D93E-842C-47A2-81DF-46034561899C}.Debug|x86.Deploy.0 = Debug|x86
		{9715D93E-842C-47A2-81DF-46034561899C}.Release|Any CPU.ActiveCfg = Release|x86
		{9715D93E-842C-47A2-81DF-46034561899C}.Release|ARM.ActiveCfg = Release|ARM
		{9715D93E-842C-47A2-81DF-46034561899C}.Release|ARM.Build.0 = Release|ARM
		{9715D93E-842C-47A2-81DF-46034561899C}.Release|ARM.Deploy.0 = Release|ARM
		{9715D93E-842C-47A2-81DF-46034561899C}.Release|ARM64.ActiveCfg = Release|ARM64
		{9715D93E-842C-47A2-81DF-46034561899C}.Release|ARM64.Build.0 = Release|ARM64
		{9715D93E-842C-47A2-81DF-46034561899C}.Release|ARM64.Deploy.0 = Release|ARM64
		{9715D93E-842C-47A2-81DF-46034561899C}.Release|x64.ActiveCfg = Release|x64
		{9715D93E-842C-47A2-81DF-46034561899C}.Release|x64.Build.0 = Release|x64
		{9715D93E-842C-47A2-81DF-46034561899C}.Release|x64.Deploy.0 = Release|x64
		{9715D93E-842C-47A2-81DF-46034561899C}.Release|x86.ActiveCfg = Release|x86
		{9715D93E-842C-47A2-81DF-46034561899C}.Release|x86.Build.0 = Release|x86
		{9715D93E-842C-47A2-81DF-46034561899C}.Release|x86.Deploy.0 = Release|x86
		{33BC35E0-B1C4-4A35-8A32-EE4439EE3E44}.Debug|Any CPU.ActiveCfg = Debug|Any CPU
		{33BC35E0-B1C4-4A35-8A32-EE4439EE3E44}.Debug|Any CPU.Build.0 = Debug|Any CPU
		{33BC35E0-B1C4-4A35-8A32-EE4439EE3E44}.Debug|ARM.ActiveCfg = Debug|Any CPU
		{33BC35E0-B1C4-4A35-8A32-EE4439EE3E44}.Debug|ARM.Build.0 = Debug|Any CPU
		{33BC35E0-B1C4-4A35-8A32-EE4439EE3E44}.Debug|ARM64.ActiveCfg = Debug|Any CPU
		{33BC35E0-B1C4-4A35-8A32-EE4439EE3E44}.Debug|ARM64.Build.0 = Debug|Any CPU
		{33BC35E0-B1C4-4A35-8A32-EE4439EE3E44}.Debug|x64.ActiveCfg = Debug|Any CPU
		{33BC35E0-B1C4-4A35-8A32-EE4439EE3E44}.Debug|x64.Build.0 = Debug|Any CPU
		{33BC35E0-B1C4-4A35-8A32-EE4439EE3E44}.Debug|x86.ActiveCfg = Debug|Any CPU
		{33BC35E0-B1C4-4A35-8A32-EE4439EE3E44}.Debug|x86.Build.0 = Debug|Any CPU
		{33BC35E0-B1C4-4A35-8A32-EE4439EE3E44}.Release|Any CPU.ActiveCfg = Release|Any CPU
		{33BC35E0-B1C4-4A35-8A32-EE4439EE3E44}.Release|Any CPU.Build.0 = Release|Any CPU
		{33BC35E0-B1C4-4A35-8A32-EE4439EE3E44}.Release|ARM.ActiveCfg = Release|Any CPU
		{33BC35E0-B1C4-4A35-8A32-EE4439EE3E44}.Release|ARM.Build.0 = Release|Any CPU
		{33BC35E0-B1C4-4A35-8A32-EE4439EE3E44}.Release|ARM64.ActiveCfg = Release|Any CPU
		{33BC35E0-B1C4-4A35-8A32-EE4439EE3E44}.Release|ARM64.Build.0 = Release|Any CPU
		{33BC35E0-B1C4-4A35-8A32-EE4439EE3E44}.Release|x64.ActiveCfg = Release|Any CPU
		{33BC35E0-B1C4-4A35-8A32-EE4439EE3E44}.Release|x64.Build.0 = Release|Any CPU
		{33BC35E0-B1C4-4A35-8A32-EE4439EE3E44}.Release|x86.ActiveCfg = Release|Any CPU
		{33BC35E0-B1C4-4A35-8A32-EE4439EE3E44}.Release|x86.Build.0 = Release|Any CPU
		{CB0C667C-9461-46F3-AB27-73FDF15AEA57}.Debug|Any CPU.ActiveCfg = Debug|Any CPU
		{CB0C667C-9461-46F3-AB27-73FDF15AEA57}.Debug|Any CPU.Build.0 = Debug|Any CPU
		{CB0C667C-9461-46F3-AB27-73FDF15AEA57}.Debug|ARM.ActiveCfg = Debug|Any CPU
		{CB0C667C-9461-46F3-AB27-73FDF15AEA57}.Debug|ARM.Build.0 = Debug|Any CPU
		{CB0C667C-9461-46F3-AB27-73FDF15AEA57}.Debug|ARM64.ActiveCfg = Debug|Any CPU
		{CB0C667C-9461-46F3-AB27-73FDF15AEA57}.Debug|ARM64.Build.0 = Debug|Any CPU
		{CB0C667C-9461-46F3-AB27-73FDF15AEA57}.Debug|x64.ActiveCfg = Debug|Any CPU
		{CB0C667C-9461-46F3-AB27-73FDF15AEA57}.Debug|x64.Build.0 = Debug|Any CPU
		{CB0C667C-9461-46F3-AB27-73FDF15AEA57}.Debug|x86.ActiveCfg = Debug|Any CPU
		{CB0C667C-9461-46F3-AB27-73FDF15AEA57}.Debug|x86.Build.0 = Debug|Any CPU
		{CB0C667C-9461-46F3-AB27-73FDF15AEA57}.Release|Any CPU.ActiveCfg = Release|Any CPU
		{CB0C667C-9461-46F3-AB27-73FDF15AEA57}.Release|Any CPU.Build.0 = Release|Any CPU
		{CB0C667C-9461-46F3-AB27-73FDF15AEA57}.Release|ARM.ActiveCfg = Release|Any CPU
		{CB0C667C-9461-46F3-AB27-73FDF15AEA57}.Release|ARM.Build.0 = Release|Any CPU
		{CB0C667C-9461-46F3-AB27-73FDF15AEA57}.Release|ARM64.ActiveCfg = Release|Any CPU
		{CB0C667C-9461-46F3-AB27-73FDF15AEA57}.Release|ARM64.Build.0 = Release|Any CPU
		{CB0C667C-9461-46F3-AB27-73FDF15AEA57}.Release|x64.ActiveCfg = Release|Any CPU
		{CB0C667C-9461-46F3-AB27-73FDF15AEA57}.Release|x64.Build.0 = Release|Any CPU
		{CB0C667C-9461-46F3-AB27-73FDF15AEA57}.Release|x86.ActiveCfg = Release|Any CPU
		{CB0C667C-9461-46F3-AB27-73FDF15AEA57}.Release|x86.Build.0 = Release|Any CPU
		{9C9E52ED-A88D-405B-B84E-17F63522D380}.Debug|Any CPU.ActiveCfg = Debug|Any CPU
		{9C9E52ED-A88D-405B-B84E-17F63522D380}.Debug|Any CPU.Build.0 = Debug|Any CPU
		{9C9E52ED-A88D-405B-B84E-17F63522D380}.Debug|ARM.ActiveCfg = Debug|Any CPU
		{9C9E52ED-A88D-405B-B84E-17F63522D380}.Debug|ARM.Build.0 = Debug|Any CPU
		{9C9E52ED-A88D-405B-B84E-17F63522D380}.Debug|ARM64.ActiveCfg = Debug|Any CPU
		{9C9E52ED-A88D-405B-B84E-17F63522D380}.Debug|ARM64.Build.0 = Debug|Any CPU
		{9C9E52ED-A88D-405B-B84E-17F63522D380}.Debug|x64.ActiveCfg = Debug|Any CPU
		{9C9E52ED-A88D-405B-B84E-17F63522D380}.Debug|x64.Build.0 = Debug|Any CPU
		{9C9E52ED-A88D-405B-B84E-17F63522D380}.Debug|x86.ActiveCfg = Debug|Any CPU
		{9C9E52ED-A88D-405B-B84E-17F63522D380}.Debug|x86.Build.0 = Debug|Any CPU
		{9C9E52ED-A88D-405B-B84E-17F63522D380}.Release|Any CPU.ActiveCfg = Release|Any CPU
		{9C9E52ED-A88D-405B-B84E-17F63522D380}.Release|Any CPU.Build.0 = Release|Any CPU
		{9C9E52ED-A88D-405B-B84E-17F63522D380}.Release|ARM.ActiveCfg = Release|Any CPU
		{9C9E52ED-A88D-405B-B84E-17F63522D380}.Release|ARM.Build.0 = Release|Any CPU
		{9C9E52ED-A88D-405B-B84E-17F63522D380}.Release|ARM64.ActiveCfg = Release|Any CPU
		{9C9E52ED-A88D-405B-B84E-17F63522D380}.Release|ARM64.Build.0 = Release|Any CPU
		{9C9E52ED-A88D-405B-B84E-17F63522D380}.Release|x64.ActiveCfg = Release|Any CPU
		{9C9E52ED-A88D-405B-B84E-17F63522D380}.Release|x64.Build.0 = Release|Any CPU
		{9C9E52ED-A88D-405B-B84E-17F63522D380}.Release|x86.ActiveCfg = Release|Any CPU
		{9C9E52ED-A88D-405B-B84E-17F63522D380}.Release|x86.Build.0 = Release|Any CPU
		{8746CB0E-6404-4595-AF83-270D25A0F163}.Debug|Any CPU.ActiveCfg = Debug|Any CPU
		{8746CB0E-6404-4595-AF83-270D25A0F163}.Debug|Any CPU.Build.0 = Debug|Any CPU
		{8746CB0E-6404-4595-AF83-270D25A0F163}.Debug|ARM.ActiveCfg = Debug|Any CPU
		{8746CB0E-6404-4595-AF83-270D25A0F163}.Debug|ARM.Build.0 = Debug|Any CPU
		{8746CB0E-6404-4595-AF83-270D25A0F163}.Debug|ARM64.ActiveCfg = Debug|Any CPU
		{8746CB0E-6404-4595-AF83-270D25A0F163}.Debug|ARM64.Build.0 = Debug|Any CPU
		{8746CB0E-6404-4595-AF83-270D25A0F163}.Debug|x64.ActiveCfg = Debug|Any CPU
		{8746CB0E-6404-4595-AF83-270D25A0F163}.Debug|x64.Build.0 = Debug|Any CPU
		{8746CB0E-6404-4595-AF83-270D25A0F163}.Debug|x86.ActiveCfg = Debug|Any CPU
		{8746CB0E-6404-4595-AF83-270D25A0F163}.Debug|x86.Build.0 = Debug|Any CPU
		{8746CB0E-6404-4595-AF83-270D25A0F163}.Release|Any CPU.ActiveCfg = Release|Any CPU
		{8746CB0E-6404-4595-AF83-270D25A0F163}.Release|Any CPU.Build.0 = Release|Any CPU
		{8746CB0E-6404-4595-AF83-270D25A0F163}.Release|ARM.ActiveCfg = Release|Any CPU
		{8746CB0E-6404-4595-AF83-270D25A0F163}.Release|ARM.Build.0 = Release|Any CPU
		{8746CB0E-6404-4595-AF83-270D25A0F163}.Release|ARM64.ActiveCfg = Release|Any CPU
		{8746CB0E-6404-4595-AF83-270D25A0F163}.Release|ARM64.Build.0 = Release|Any CPU
		{8746CB0E-6404-4595-AF83-270D25A0F163}.Release|x64.ActiveCfg = Release|Any CPU
		{8746CB0E-6404-4595-AF83-270D25A0F163}.Release|x64.Build.0 = Release|Any CPU
		{8746CB0E-6404-4595-AF83-270D25A0F163}.Release|x86.ActiveCfg = Release|Any CPU
		{8746CB0E-6404-4595-AF83-270D25A0F163}.Release|x86.Build.0 = Release|Any CPU
		{1647D18B-8ADA-4DAE-A66F-A3931CE0783E}.Debug|Any CPU.ActiveCfg = Debug|Any CPU
		{1647D18B-8ADA-4DAE-A66F-A3931CE0783E}.Debug|Any CPU.Build.0 = Debug|Any CPU
		{1647D18B-8ADA-4DAE-A66F-A3931CE0783E}.Debug|ARM.ActiveCfg = Debug|Any CPU
		{1647D18B-8ADA-4DAE-A66F-A3931CE0783E}.Debug|ARM.Build.0 = Debug|Any CPU
		{1647D18B-8ADA-4DAE-A66F-A3931CE0783E}.Debug|ARM64.ActiveCfg = Debug|Any CPU
		{1647D18B-8ADA-4DAE-A66F-A3931CE0783E}.Debug|ARM64.Build.0 = Debug|Any CPU
		{1647D18B-8ADA-4DAE-A66F-A3931CE0783E}.Debug|x64.ActiveCfg = Debug|Any CPU
		{1647D18B-8ADA-4DAE-A66F-A3931CE0783E}.Debug|x64.Build.0 = Debug|Any CPU
		{1647D18B-8ADA-4DAE-A66F-A3931CE0783E}.Debug|x86.ActiveCfg = Debug|Any CPU
		{1647D18B-8ADA-4DAE-A66F-A3931CE0783E}.Debug|x86.Build.0 = Debug|Any CPU
		{1647D18B-8ADA-4DAE-A66F-A3931CE0783E}.Release|Any CPU.ActiveCfg = Release|Any CPU
		{1647D18B-8ADA-4DAE-A66F-A3931CE0783E}.Release|Any CPU.Build.0 = Release|Any CPU
		{1647D18B-8ADA-4DAE-A66F-A3931CE0783E}.Release|ARM.ActiveCfg = Release|Any CPU
		{1647D18B-8ADA-4DAE-A66F-A3931CE0783E}.Release|ARM.Build.0 = Release|Any CPU
		{1647D18B-8ADA-4DAE-A66F-A3931CE0783E}.Release|ARM64.ActiveCfg = Release|Any CPU
		{1647D18B-8ADA-4DAE-A66F-A3931CE0783E}.Release|ARM64.Build.0 = Release|Any CPU
		{1647D18B-8ADA-4DAE-A66F-A3931CE0783E}.Release|x64.ActiveCfg = Release|Any CPU
		{1647D18B-8ADA-4DAE-A66F-A3931CE0783E}.Release|x64.Build.0 = Release|Any CPU
		{1647D18B-8ADA-4DAE-A66F-A3931CE0783E}.Release|x86.ActiveCfg = Release|Any CPU
		{1647D18B-8ADA-4DAE-A66F-A3931CE0783E}.Release|x86.Build.0 = Release|Any CPU
		{74CB7049-4E08-4E48-8D72-89B720CED519}.Debug|Any CPU.ActiveCfg = Debug|Any CPU
		{74CB7049-4E08-4E48-8D72-89B720CED519}.Debug|Any CPU.Build.0 = Debug|Any CPU
		{74CB7049-4E08-4E48-8D72-89B720CED519}.Debug|ARM.ActiveCfg = Debug|Any CPU
		{74CB7049-4E08-4E48-8D72-89B720CED519}.Debug|ARM.Build.0 = Debug|Any CPU
		{74CB7049-4E08-4E48-8D72-89B720CED519}.Debug|ARM64.ActiveCfg = Debug|Any CPU
		{74CB7049-4E08-4E48-8D72-89B720CED519}.Debug|ARM64.Build.0 = Debug|Any CPU
		{74CB7049-4E08-4E48-8D72-89B720CED519}.Debug|x64.ActiveCfg = Debug|Any CPU
		{74CB7049-4E08-4E48-8D72-89B720CED519}.Debug|x64.Build.0 = Debug|Any CPU
		{74CB7049-4E08-4E48-8D72-89B720CED519}.Debug|x86.ActiveCfg = Debug|Any CPU
		{74CB7049-4E08-4E48-8D72-89B720CED519}.Debug|x86.Build.0 = Debug|Any CPU
		{74CB7049-4E08-4E48-8D72-89B720CED519}.Release|Any CPU.ActiveCfg = Release|Any CPU
		{74CB7049-4E08-4E48-8D72-89B720CED519}.Release|Any CPU.Build.0 = Release|Any CPU
		{74CB7049-4E08-4E48-8D72-89B720CED519}.Release|ARM.ActiveCfg = Release|Any CPU
		{74CB7049-4E08-4E48-8D72-89B720CED519}.Release|ARM.Build.0 = Release|Any CPU
		{74CB7049-4E08-4E48-8D72-89B720CED519}.Release|ARM64.ActiveCfg = Release|Any CPU
		{74CB7049-4E08-4E48-8D72-89B720CED519}.Release|ARM64.Build.0 = Release|Any CPU
		{74CB7049-4E08-4E48-8D72-89B720CED519}.Release|x64.ActiveCfg = Release|Any CPU
		{74CB7049-4E08-4E48-8D72-89B720CED519}.Release|x64.Build.0 = Release|Any CPU
		{74CB7049-4E08-4E48-8D72-89B720CED519}.Release|x86.ActiveCfg = Release|Any CPU
		{74CB7049-4E08-4E48-8D72-89B720CED519}.Release|x86.Build.0 = Release|Any CPU
		{3F93E5E8-79DC-45BD-B762-D5CA6314B9A4}.Debug|Any CPU.ActiveCfg = Debug|Any CPU
		{3F93E5E8-79DC-45BD-B762-D5CA6314B9A4}.Debug|Any CPU.Build.0 = Debug|Any CPU
		{3F93E5E8-79DC-45BD-B762-D5CA6314B9A4}.Debug|ARM.ActiveCfg = Debug|Any CPU
		{3F93E5E8-79DC-45BD-B762-D5CA6314B9A4}.Debug|ARM.Build.0 = Debug|Any CPU
		{3F93E5E8-79DC-45BD-B762-D5CA6314B9A4}.Debug|ARM64.ActiveCfg = Debug|Any CPU
		{3F93E5E8-79DC-45BD-B762-D5CA6314B9A4}.Debug|ARM64.Build.0 = Debug|Any CPU
		{3F93E5E8-79DC-45BD-B762-D5CA6314B9A4}.Debug|x64.ActiveCfg = Debug|Any CPU
		{3F93E5E8-79DC-45BD-B762-D5CA6314B9A4}.Debug|x64.Build.0 = Debug|Any CPU
		{3F93E5E8-79DC-45BD-B762-D5CA6314B9A4}.Debug|x86.ActiveCfg = Debug|Any CPU
		{3F93E5E8-79DC-45BD-B762-D5CA6314B9A4}.Debug|x86.Build.0 = Debug|Any CPU
		{3F93E5E8-79DC-45BD-B762-D5CA6314B9A4}.Release|Any CPU.ActiveCfg = Release|Any CPU
		{3F93E5E8-79DC-45BD-B762-D5CA6314B9A4}.Release|Any CPU.Build.0 = Release|Any CPU
		{3F93E5E8-79DC-45BD-B762-D5CA6314B9A4}.Release|ARM.ActiveCfg = Release|Any CPU
		{3F93E5E8-79DC-45BD-B762-D5CA6314B9A4}.Release|ARM.Build.0 = Release|Any CPU
		{3F93E5E8-79DC-45BD-B762-D5CA6314B9A4}.Release|ARM64.ActiveCfg = Release|Any CPU
		{3F93E5E8-79DC-45BD-B762-D5CA6314B9A4}.Release|ARM64.Build.0 = Release|Any CPU
		{3F93E5E8-79DC-45BD-B762-D5CA6314B9A4}.Release|x64.ActiveCfg = Release|Any CPU
		{3F93E5E8-79DC-45BD-B762-D5CA6314B9A4}.Release|x64.Build.0 = Release|Any CPU
		{3F93E5E8-79DC-45BD-B762-D5CA6314B9A4}.Release|x86.ActiveCfg = Release|Any CPU
		{3F93E5E8-79DC-45BD-B762-D5CA6314B9A4}.Release|x86.Build.0 = Release|Any CPU
		{65D7715D-EFCB-499C-8216-335E764D55DC}.Debug|Any CPU.ActiveCfg = Debug|Any CPU
		{65D7715D-EFCB-499C-8216-335E764D55DC}.Debug|Any CPU.Build.0 = Debug|Any CPU
		{65D7715D-EFCB-499C-8216-335E764D55DC}.Debug|ARM.ActiveCfg = Debug|Any CPU
		{65D7715D-EFCB-499C-8216-335E764D55DC}.Debug|ARM.Build.0 = Debug|Any CPU
		{65D7715D-EFCB-499C-8216-335E764D55DC}.Debug|ARM64.ActiveCfg = Debug|Any CPU
		{65D7715D-EFCB-499C-8216-335E764D55DC}.Debug|ARM64.Build.0 = Debug|Any CPU
		{65D7715D-EFCB-499C-8216-335E764D55DC}.Debug|x64.ActiveCfg = Debug|Any CPU
		{65D7715D-EFCB-499C-8216-335E764D55DC}.Debug|x64.Build.0 = Debug|Any CPU
		{65D7715D-EFCB-499C-8216-335E764D55DC}.Debug|x86.ActiveCfg = Debug|Any CPU
		{65D7715D-EFCB-499C-8216-335E764D55DC}.Debug|x86.Build.0 = Debug|Any CPU
		{65D7715D-EFCB-499C-8216-335E764D55DC}.Release|Any CPU.ActiveCfg = Release|Any CPU
		{65D7715D-EFCB-499C-8216-335E764D55DC}.Release|Any CPU.Build.0 = Release|Any CPU
		{65D7715D-EFCB-499C-8216-335E764D55DC}.Release|ARM.ActiveCfg = Release|Any CPU
		{65D7715D-EFCB-499C-8216-335E764D55DC}.Release|ARM.Build.0 = Release|Any CPU
		{65D7715D-EFCB-499C-8216-335E764D55DC}.Release|ARM64.ActiveCfg = Release|Any CPU
		{65D7715D-EFCB-499C-8216-335E764D55DC}.Release|ARM64.Build.0 = Release|Any CPU
		{65D7715D-EFCB-499C-8216-335E764D55DC}.Release|x64.ActiveCfg = Release|Any CPU
		{65D7715D-EFCB-499C-8216-335E764D55DC}.Release|x64.Build.0 = Release|Any CPU
		{65D7715D-EFCB-499C-8216-335E764D55DC}.Release|x86.ActiveCfg = Release|Any CPU
		{65D7715D-EFCB-499C-8216-335E764D55DC}.Release|x86.Build.0 = Release|Any CPU
		{8FDCCD22-5CA2-497C-89CA-8EBB1155426C}.Debug|Any CPU.ActiveCfg = Debug|Any CPU
		{8FDCCD22-5CA2-497C-89CA-8EBB1155426C}.Debug|Any CPU.Build.0 = Debug|Any CPU
		{8FDCCD22-5CA2-497C-89CA-8EBB1155426C}.Debug|ARM.ActiveCfg = Debug|Any CPU
		{8FDCCD22-5CA2-497C-89CA-8EBB1155426C}.Debug|ARM.Build.0 = Debug|Any CPU
		{8FDCCD22-5CA2-497C-89CA-8EBB1155426C}.Debug|ARM64.ActiveCfg = Debug|Any CPU
		{8FDCCD22-5CA2-497C-89CA-8EBB1155426C}.Debug|ARM64.Build.0 = Debug|Any CPU
		{8FDCCD22-5CA2-497C-89CA-8EBB1155426C}.Debug|x64.ActiveCfg = Debug|Any CPU
		{8FDCCD22-5CA2-497C-89CA-8EBB1155426C}.Debug|x64.Build.0 = Debug|Any CPU
		{8FDCCD22-5CA2-497C-89CA-8EBB1155426C}.Debug|x86.ActiveCfg = Debug|Any CPU
		{8FDCCD22-5CA2-497C-89CA-8EBB1155426C}.Debug|x86.Build.0 = Debug|Any CPU
		{8FDCCD22-5CA2-497C-89CA-8EBB1155426C}.Release|Any CPU.ActiveCfg = Release|Any CPU
		{8FDCCD22-5CA2-497C-89CA-8EBB1155426C}.Release|Any CPU.Build.0 = Release|Any CPU
		{8FDCCD22-5CA2-497C-89CA-8EBB1155426C}.Release|ARM.ActiveCfg = Release|Any CPU
		{8FDCCD22-5CA2-497C-89CA-8EBB1155426C}.Release|ARM.Build.0 = Release|Any CPU
		{8FDCCD22-5CA2-497C-89CA-8EBB1155426C}.Release|ARM64.ActiveCfg = Release|Any CPU
		{8FDCCD22-5CA2-497C-89CA-8EBB1155426C}.Release|ARM64.Build.0 = Release|Any CPU
		{8FDCCD22-5CA2-497C-89CA-8EBB1155426C}.Release|x64.ActiveCfg = Release|Any CPU
		{8FDCCD22-5CA2-497C-89CA-8EBB1155426C}.Release|x64.Build.0 = Release|Any CPU
		{8FDCCD22-5CA2-497C-89CA-8EBB1155426C}.Release|x86.ActiveCfg = Release|Any CPU
		{8FDCCD22-5CA2-497C-89CA-8EBB1155426C}.Release|x86.Build.0 = Release|Any CPU
		{94D2BF36-95F8-4F8B-A4C0-DCAD47BE27BD}.Debug|Any CPU.ActiveCfg = Debug|Any CPU
		{94D2BF36-95F8-4F8B-A4C0-DCAD47BE27BD}.Debug|Any CPU.Build.0 = Debug|Any CPU
		{94D2BF36-95F8-4F8B-A4C0-DCAD47BE27BD}.Debug|ARM.ActiveCfg = Debug|Any CPU
		{94D2BF36-95F8-4F8B-A4C0-DCAD47BE27BD}.Debug|ARM.Build.0 = Debug|Any CPU
		{94D2BF36-95F8-4F8B-A4C0-DCAD47BE27BD}.Debug|ARM64.ActiveCfg = Debug|Any CPU
		{94D2BF36-95F8-4F8B-A4C0-DCAD47BE27BD}.Debug|ARM64.Build.0 = Debug|Any CPU
		{94D2BF36-95F8-4F8B-A4C0-DCAD47BE27BD}.Debug|x64.ActiveCfg = Debug|Any CPU
		{94D2BF36-95F8-4F8B-A4C0-DCAD47BE27BD}.Debug|x64.Build.0 = Debug|Any CPU
		{94D2BF36-95F8-4F8B-A4C0-DCAD47BE27BD}.Debug|x86.ActiveCfg = Debug|Any CPU
		{94D2BF36-95F8-4F8B-A4C0-DCAD47BE27BD}.Debug|x86.Build.0 = Debug|Any CPU
		{94D2BF36-95F8-4F8B-A4C0-DCAD47BE27BD}.Release|Any CPU.ActiveCfg = Release|Any CPU
		{94D2BF36-95F8-4F8B-A4C0-DCAD47BE27BD}.Release|Any CPU.Build.0 = Release|Any CPU
		{94D2BF36-95F8-4F8B-A4C0-DCAD47BE27BD}.Release|ARM.ActiveCfg = Release|Any CPU
		{94D2BF36-95F8-4F8B-A4C0-DCAD47BE27BD}.Release|ARM.Build.0 = Release|Any CPU
		{94D2BF36-95F8-4F8B-A4C0-DCAD47BE27BD}.Release|ARM64.ActiveCfg = Release|Any CPU
		{94D2BF36-95F8-4F8B-A4C0-DCAD47BE27BD}.Release|ARM64.Build.0 = Release|Any CPU
		{94D2BF36-95F8-4F8B-A4C0-DCAD47BE27BD}.Release|x64.ActiveCfg = Release|Any CPU
		{94D2BF36-95F8-4F8B-A4C0-DCAD47BE27BD}.Release|x64.Build.0 = Release|Any CPU
		{94D2BF36-95F8-4F8B-A4C0-DCAD47BE27BD}.Release|x86.ActiveCfg = Release|Any CPU
		{94D2BF36-95F8-4F8B-A4C0-DCAD47BE27BD}.Release|x86.Build.0 = Release|Any CPU
	EndGlobalSection
	GlobalSection(SolutionProperties) = preSolution
		HideSolutionNode = FALSE
	EndGlobalSection
	GlobalSection(NestedProjects) = preSolution
		{0BDCAAAC-DAEC-442C-9656-0F2A06D8BE22} = {559725E3-E27A-4396-8712-DDB727724A6B}
	EndGlobalSection
	GlobalSection(ExtensibilityGlobals) = postSolution
		SolutionGuid = {1A0FE4C0-D67D-4E3E-80E5-DA82DC22CE3E}
	EndGlobalSection
EndGlobal
